// !$*UTF8*$!
{
	archiveVersion = 1;
	classes = {
	};
	objectVersion = 77;
	objects = {

/* Begin PBXBuildFile section */
		08F397B99B4F4C4A6352F783 /* QuotaStateStore.swift in Sources */ = {isa = PBXBuildFile; fileRef = 363D9F9DAA5A0C0F2E453369 /* QuotaStateStore.swift */; };
		174615375C9BA1D17FFBA25A /* QuotaBarView.swift in Sources */ = {isa = PBXBuildFile; fileRef = 8FD0746528871738E4C7FA1E /* QuotaBarView.swift */; };
		18A53AE79378081350FA0CAB /* QuotaStateStoreTests.swift in Sources */ = {isa = PBXBuildFile; fileRef = 513A6423479F03F49127DF85 /* QuotaStateStoreTests.swift */; };
		1D7760D8A4EDC76246F4F569 /* QuotaSource.swift in Sources */ = {isa = PBXBuildFile; fileRef = A3A2AF7AA236B68909CE8FF8 /* QuotaSource.swift */; };
		1FE1D5530B5DB59E7B619EA4 /* PopoverView.swift in Sources */ = {isa = PBXBuildFile; fileRef = 31E16A1B8F6F29F75D8B3162 /* PopoverView.swift */; };
		4A08A78244A61271B751D369 /* QuotaTier.swift in Sources */ = {isa = PBXBuildFile; fileRef = 6D366C77F692219595154751 /* QuotaTier.swift */; };
		4AE52545A7DAB3893739955B /* SettingsStore.swift in Sources */ = {isa = PBXBuildFile; fileRef = 8CAE82B6201EB75ED4FC1A5D /* SettingsStore.swift */; };
		50ACC750E83551A632948DED /* GameSettingsView.swift in Sources */ = {isa = PBXBuildFile; fileRef = 5849FDFD64B541846E0E5F3F /* GameSettingsView.swift */; };
		51059E8F35A6581E4F7EF370 /* AppDelegate.swift in Sources */ = {isa = PBXBuildFile; fileRef = CBAE8DF12188E31EB2FEDBF8 /* AppDelegate.swift */; };
		5305F7ACD3BF85F481DCF203 /* ColorExtension.swift in Sources */ = {isa = PBXBuildFile; fileRef = DEBB36495341A21B5D8E2C66 /* ColorExtension.swift */; };
		6E47DFF16032A8A92BF58E69 /* ClaudeQuotaClientTests.swift in Sources */ = {isa = PBXBuildFile; fileRef = EC0644627906BA1059A71460 /* ClaudeQuotaClientTests.swift */; };
		6E84C639217A40DA811CD004 /* AIProvider.swift in Sources */ = {isa = PBXBuildFile; fileRef = 982742B79B9CC907BFE255DB /* AIProvider.swift */; };
		85EAB87EF5FC3BC2A8B979F9 /* PixelPetsApp.swift in Sources */ = {isa = PBXBuildFile; fileRef = EF65B4C2AE5D4C1DEB25EB06 /* PixelPetsApp.swift */; };
		8915B1C9D8FF32FCE7B6928D /* QuotaCardView.swift in Sources */ = {isa = PBXBuildFile; fileRef = 6DD49C6E6CF9260A02964DCF /* QuotaCardView.swift */; };
		91E81F4C9BDF662660EFBE8F /* QuotaCoordinatorTests.swift in Sources */ = {isa = PBXBuildFile; fileRef = 3A3D106E64B51A3FC6EB9268 /* QuotaCoordinatorTests.swift */; };
		AA311956895AC69B240A714F /* SettingsStoreTests.swift in Sources */ = {isa = PBXBuildFile; fileRef = 9203BB9642B1A10D4D97F531 /* SettingsStoreTests.swift */; };
		BEAC0C4B1811C4557A4C67ED /* QuotaStatus.swift in Sources */ = {isa = PBXBuildFile; fileRef = C27A610ACBADD1DAA530E084 /* QuotaStatus.swift */; };
		C037DAD269E135644E059EDB /* ProviderQuotaSnapshot.swift in Sources */ = {isa = PBXBuildFile; fileRef = 5B975910C7938989C5DB4632 /* ProviderQuotaSnapshot.swift */; };
		DB645EE233819531C16E1C34 /* QuotaCoordinator.swift in Sources */ = {isa = PBXBuildFile; fileRef = 49B67BFC44D2311FACE2A964 /* QuotaCoordinator.swift */; };
		DEDC8A2A4445CAD405C2A4DE /* ClaudeQuotaClient.swift in Sources */ = {isa = PBXBuildFile; fileRef = AE24BAEC42326CF2470F5C01 /* ClaudeQuotaClient.swift */; };
		E1AB9E1D0C8F43CFA25B5783 /* MenuBarDotView.swift in Sources */ = {isa = PBXBuildFile; fileRef = EB62EC18203C5D9142F390C8 /* MenuBarDotView.swift */; };
		F84EBCCECA873E9DADCB86B0 /* QuotaClient.swift in Sources */ = {isa = PBXBuildFile; fileRef = 30CE6A429A0D3149B3249EAD /* QuotaClient.swift */; };
/* End PBXBuildFile section */

/* Begin PBXContainerItemProxy section */
		44E2793C8C1EFDA9D5E346DB /* PBXContainerItemProxy */ = {
			isa = PBXContainerItemProxy;
			containerPortal = 24FB92C63FDB195B2C7535B7 /* Project object */;
			proxyType = 1;
			remoteGlobalIDString = A5F2AFCE12D402FCFE6DA6F8;
			remoteInfo = Quota;
		};
/* End PBXContainerItemProxy section */

/* Begin PBXFileReference section */
		30CE6A429A0D3149B3249EAD /* QuotaClient.swift */ = {isa = PBXFileReference; lastKnownFileType = sourcecode.swift; path = QuotaClient.swift; sourceTree = "<group>"; };
		31E16A1B8F6F29F75D8B3162 /* PopoverView.swift */ = {isa = PBXFileReference; lastKnownFileType = sourcecode.swift; path = PopoverView.swift; sourceTree = "<group>"; };
		363D9F9DAA5A0C0F2E453369 /* QuotaStateStore.swift */ = {isa = PBXFileReference; lastKnownFileType = sourcecode.swift; path = QuotaStateStore.swift; sourceTree = "<group>"; };
		3A3D106E64B51A3FC6EB9268 /* QuotaCoordinatorTests.swift */ = {isa = PBXFileReference; lastKnownFileType = sourcecode.swift; path = QuotaCoordinatorTests.swift; sourceTree = "<group>"; };
		49B67BFC44D2311FACE2A964 /* QuotaCoordinator.swift */ = {isa = PBXFileReference; lastKnownFileType = sourcecode.swift; path = QuotaCoordinator.swift; sourceTree = "<group>"; };
		513A6423479F03F49127DF85 /* QuotaStateStoreTests.swift */ = {isa = PBXFileReference; lastKnownFileType = sourcecode.swift; path = QuotaStateStoreTests.swift; sourceTree = "<group>"; };
		5849FDFD64B541846E0E5F3F /* GameSettingsView.swift */ = {isa = PBXFileReference; lastKnownFileType = sourcecode.swift; path = GameSettingsView.swift; sourceTree = "<group>"; };
		5B975910C7938989C5DB4632 /* ProviderQuotaSnapshot.swift */ = {isa = PBXFileReference; lastKnownFileType = sourcecode.swift; path = ProviderQuotaSnapshot.swift; sourceTree = "<group>"; };
		6D366C77F692219595154751 /* QuotaTier.swift */ = {isa = PBXFileReference; lastKnownFileType = sourcecode.swift; path = QuotaTier.swift; sourceTree = "<group>"; };
		6DD49C6E6CF9260A02964DCF /* QuotaCardView.swift */ = {isa = PBXFileReference; lastKnownFileType = sourcecode.swift; path = QuotaCardView.swift; sourceTree = "<group>"; };
		7720D7A0D2140F21A4DBAB8F /* QuotaTests.xctest */ = {isa = PBXFileReference; explicitFileType = wrapper.cfbundle; includeInIndex = 0; path = QuotaTests.xctest; sourceTree = BUILT_PRODUCTS_DIR; };
		8CAE82B6201EB75ED4FC1A5D /* SettingsStore.swift */ = {isa = PBXFileReference; lastKnownFileType = sourcecode.swift; path = SettingsStore.swift; sourceTree = "<group>"; };
		8FD0746528871738E4C7FA1E /* QuotaBarView.swift */ = {isa = PBXFileReference; lastKnownFileType = sourcecode.swift; path = QuotaBarView.swift; sourceTree = "<group>"; };
		9203BB9642B1A10D4D97F531 /* SettingsStoreTests.swift */ = {isa = PBXFileReference; lastKnownFileType = sourcecode.swift; path = SettingsStoreTests.swift; sourceTree = "<group>"; };
		982742B79B9CC907BFE255DB /* AIProvider.swift */ = {isa = PBXFileReference; lastKnownFileType = sourcecode.swift; path = AIProvider.swift; sourceTree = "<group>"; };
		A3A2AF7AA236B68909CE8FF8 /* QuotaSource.swift */ = {isa = PBXFileReference; lastKnownFileType = sourcecode.swift; path = QuotaSource.swift; sourceTree = "<group>"; };
		AE24BAEC42326CF2470F5C01 /* ClaudeQuotaClient.swift */ = {isa = PBXFileReference; lastKnownFileType = sourcecode.swift; path = ClaudeQuotaClient.swift; sourceTree = "<group>"; };
		C27A610ACBADD1DAA530E084 /* QuotaStatus.swift */ = {isa = PBXFileReference; lastKnownFileType = sourcecode.swift; path = QuotaStatus.swift; sourceTree = "<group>"; };
		CBAE8DF12188E31EB2FEDBF8 /* AppDelegate.swift */ = {isa = PBXFileReference; lastKnownFileType = sourcecode.swift; path = AppDelegate.swift; sourceTree = "<group>"; };
		DBD50F87A92F84B0E86A5FEF /* Quota.app */ = {isa = PBXFileReference; explicitFileType = wrapper.application; includeInIndex = 0; path = Quota.app; sourceTree = BUILT_PRODUCTS_DIR; };
		DEBB36495341A21B5D8E2C66 /* ColorExtension.swift */ = {isa = PBXFileReference; lastKnownFileType = sourcecode.swift; path = ColorExtension.swift; sourceTree = "<group>"; };
		EB62EC18203C5D9142F390C8 /* MenuBarDotView.swift */ = {isa = PBXFileReference; lastKnownFileType = sourcecode.swift; path = MenuBarDotView.swift; sourceTree = "<group>"; };
		EC0644627906BA1059A71460 /* ClaudeQuotaClientTests.swift */ = {isa = PBXFileReference; lastKnownFileType = sourcecode.swift; path = ClaudeQuotaClientTests.swift; sourceTree = "<group>"; };
		EF65B4C2AE5D4C1DEB25EB06 /* PixelPetsApp.swift */ = {isa = PBXFileReference; lastKnownFileType = sourcecode.swift; path = PixelPetsApp.swift; sourceTree = "<group>"; };
		F1C10B47268F4D3337A0EC83 /* Info.plist */ = {isa = PBXFileReference; lastKnownFileType = text.plist; path = Info.plist; sourceTree = "<group>"; };
/* End PBXFileReference section */

/* Begin PBXGroup section */
		01CAA3A71AF93768B1C9CAF2 /* Persistence */ = {
			isa = PBXGroup;
			children = (
				8CAE82B6201EB75ED4FC1A5D /* SettingsStore.swift */,
			);
			path = Persistence;
			sourceTree = "<group>";
		};
		18B9A748D6F242570CE02AD1 /* App */ = {
			isa = PBXGroup;
			children = (
				CBAE8DF12188E31EB2FEDBF8 /* AppDelegate.swift */,
				EF65B4C2AE5D4C1DEB25EB06 /* PixelPetsApp.swift */,
				49B67BFC44D2311FACE2A964 /* QuotaCoordinator.swift */,
			);
			path = App;
			sourceTree = "<group>";
		};
		1F44DC740DDFCBEF19199EA7 /* Quota */ = {
			isa = PBXGroup;
			children = (
				F1C10B47268F4D3337A0EC83 /* Info.plist */,
				18B9A748D6F242570CE02AD1 /* App */,
				573DE7471F6D2B7A00F53334 /* Models */,
				01CAA3A71AF93768B1C9CAF2 /* Persistence */,
				56ABCE67814C894BFA72E844 /* Senses */,
				9F1730EC09D9E0B19BCAED41 /* UI */,
			);
			path = Quota;
			sourceTree = "<group>";
		};
		56ABCE67814C894BFA72E844 /* Senses */ = {
			isa = PBXGroup;
			children = (
				AE24BAEC42326CF2470F5C01 /* ClaudeQuotaClient.swift */,
				30CE6A429A0D3149B3249EAD /* QuotaClient.swift */,
			);
			path = Senses;
			sourceTree = "<group>";
		};
		573DE7471F6D2B7A00F53334 /* Models */ = {
			isa = PBXGroup;
			children = (
				982742B79B9CC907BFE255DB /* AIProvider.swift */,
				DEBB36495341A21B5D8E2C66 /* ColorExtension.swift */,
				5B975910C7938989C5DB4632 /* ProviderQuotaSnapshot.swift */,
				A3A2AF7AA236B68909CE8FF8 /* QuotaSource.swift */,
				363D9F9DAA5A0C0F2E453369 /* QuotaStateStore.swift */,
				C27A610ACBADD1DAA530E084 /* QuotaStatus.swift */,
				6D366C77F692219595154751 /* QuotaTier.swift */,
			);
			path = Models;
			sourceTree = "<group>";
		};
		5AC6E5D187BEE9E47E138413 /* QuotaTests */ = {
			isa = PBXGroup;
			children = (
				EC0644627906BA1059A71460 /* ClaudeQuotaClientTests.swift */,
				3A3D106E64B51A3FC6EB9268 /* QuotaCoordinatorTests.swift */,
				513A6423479F03F49127DF85 /* QuotaStateStoreTests.swift */,
				9203BB9642B1A10D4D97F531 /* SettingsStoreTests.swift */,
			);
			path = QuotaTests;
			sourceTree = "<group>";
		};
		6FE6CC62390F194ADFDC54B7 = {
			isa = PBXGroup;
			children = (
				1F44DC740DDFCBEF19199EA7 /* Quota */,
				5AC6E5D187BEE9E47E138413 /* QuotaTests */,
				D00F7BE72EDBA6DB4D1E42ED /* Products */,
			);
			sourceTree = "<group>";
		};
		9F1730EC09D9E0B19BCAED41 /* UI */ = {
			isa = PBXGroup;
			children = (
				EB62EC18203C5D9142F390C8 /* MenuBarDotView.swift */,
				31E16A1B8F6F29F75D8B3162 /* PopoverView.swift */,
				8FD0746528871738E4C7FA1E /* QuotaBarView.swift */,
				6DD49C6E6CF9260A02964DCF /* QuotaCardView.swift */,
				C5AEA8BAC2A2C4549C766031 /* Settings */,
			);
			path = UI;
			sourceTree = "<group>";
		};
		C5AEA8BAC2A2C4549C766031 /* Settings */ = {
			isa = PBXGroup;
			children = (
				5849FDFD64B541846E0E5F3F /* GameSettingsView.swift */,
			);
			path = Settings;
			sourceTree = "<group>";
		};
		D00F7BE72EDBA6DB4D1E42ED /* Products */ = {
			isa = PBXGroup;
			children = (
				DBD50F87A92F84B0E86A5FEF /* Quota.app */,
				7720D7A0D2140F21A4DBAB8F /* QuotaTests.xctest */,
			);
			name = Products;
			sourceTree = "<group>";
		};
		"TEMP_E09641D9-514E-4443-818A-D66170B1C810" /* Resources */ = {
			isa = PBXGroup;
			children = (
			);
			path = Resources;
			sourceTree = "<group>";
		};
/* End PBXGroup section */

/* Begin PBXNativeTarget section */
		A5F2AFCE12D402FCFE6DA6F8 /* Quota */ = {
			isa = PBXNativeTarget;
			buildConfigurationList = 99350F87BCA90E5BF4AC2589 /* Build configuration list for PBXNativeTarget "Quota" */;
			buildPhases = (
				3554AC2C73BC457CEAD7619D /* Sources */,
			);
			buildRules = (
			);
			dependencies = (
			);
			name = Quota;
			packageProductDependencies = (
			);
			productName = Quota;
			productReference = DBD50F87A92F84B0E86A5FEF /* Quota.app */;
			productType = "com.apple.product-type.application";
		};
		DE8813C5C3935C4EBAEF9EEB /* QuotaTests */ = {
			isa = PBXNativeTarget;
			buildConfigurationList = 5ECF12D7E3D332D44E2F8AA5 /* Build configuration list for PBXNativeTarget "QuotaTests" */;
			buildPhases = (
				351DBDDF5AEB224C213AAE3D /* Sources */,
			);
			buildRules = (
			);
			dependencies = (
				553F8F2B56EDE446A833E16D /* PBXTargetDependency */,
			);
			name = QuotaTests;
			packageProductDependencies = (
			);
			productName = QuotaTests;
			productReference = 7720D7A0D2140F21A4DBAB8F /* QuotaTests.xctest */;
			productType = "com.apple.product-type.bundle.unit-test";
		};
/* End PBXNativeTarget section */

/* Begin PBXProject section */
		24FB92C63FDB195B2C7535B7 /* Project object */ = {
			isa = PBXProject;
			attributes = {
				BuildIndependentTargetsInParallel = YES;
				LastUpgradeCheck = 1430;
				TargetAttributes = {
				};
			};
			buildConfigurationList = CC3F7FD55D6F0971B1271D19 /* Build configuration list for PBXProject "Quota" */;
			developmentRegion = en;
			hasScannedForEncodings = 0;
			knownRegions = (
				Base,
				en,
			);
			mainGroup = 6FE6CC62390F194ADFDC54B7;
			minimizedProjectReferenceProxies = 1;
			preferredProjectObjectVersion = 77;
			productRefGroup = D00F7BE72EDBA6DB4D1E42ED /* Products */;
			projectDirPath = "";
			projectRoot = "";
			targets = (
				A5F2AFCE12D402FCFE6DA6F8 /* Quota */,
				DE8813C5C3935C4EBAEF9EEB /* QuotaTests */,
			);
		};
/* End PBXProject section */

/* Begin PBXSourcesBuildPhase section */
		351DBDDF5AEB224C213AAE3D /* Sources */ = {
			isa = PBXSourcesBuildPhase;
			buildActionMask = 2147483647;
			files = (
				6E47DFF16032A8A92BF58E69 /* ClaudeQuotaClientTests.swift in Sources */,
				91E81F4C9BDF662660EFBE8F /* QuotaCoordinatorTests.swift in Sources */,
				18A53AE79378081350FA0CAB /* QuotaStateStoreTests.swift in Sources */,
				AA311956895AC69B240A714F /* SettingsStoreTests.swift in Sources */,
			);
			runOnlyForDeploymentPostprocessing = 0;
		};
		3554AC2C73BC457CEAD7619D /* Sources */ = {
			isa = PBXSourcesBuildPhase;
			buildActionMask = 2147483647;
			files = (
				6E84C639217A40DA811CD004 /* AIProvider.swift in Sources */,
				51059E8F35A6581E4F7EF370 /* AppDelegate.swift in Sources */,
				DEDC8A2A4445CAD405C2A4DE /* ClaudeQuotaClient.swift in Sources */,
				5305F7ACD3BF85F481DCF203 /* ColorExtension.swift in Sources */,
				50ACC750E83551A632948DED /* GameSettingsView.swift in Sources */,
				E1AB9E1D0C8F43CFA25B5783 /* MenuBarDotView.swift in Sources */,
				85EAB87EF5FC3BC2A8B979F9 /* PixelPetsApp.swift in Sources */,
				1FE1D5530B5DB59E7B619EA4 /* PopoverView.swift in Sources */,
				C037DAD269E135644E059EDB /* ProviderQuotaSnapshot.swift in Sources */,
				174615375C9BA1D17FFBA25A /* QuotaBarView.swift in Sources */,
				8915B1C9D8FF32FCE7B6928D /* QuotaCardView.swift in Sources */,
				F84EBCCECA873E9DADCB86B0 /* QuotaClient.swift in Sources */,
				DB645EE233819531C16E1C34 /* QuotaCoordinator.swift in Sources */,
				1D7760D8A4EDC76246F4F569 /* QuotaSource.swift in Sources */,
				08F397B99B4F4C4A6352F783 /* QuotaStateStore.swift in Sources */,
				BEAC0C4B1811C4557A4C67ED /* QuotaStatus.swift in Sources */,
				4A08A78244A61271B751D369 /* QuotaTier.swift in Sources */,
				4AE52545A7DAB3893739955B /* SettingsStore.swift in Sources */,
			);
			runOnlyForDeploymentPostprocessing = 0;
		};
/* End PBXSourcesBuildPhase section */

/* Begin PBXTargetDependency section */
		553F8F2B56EDE446A833E16D /* PBXTargetDependency */ = {
			isa = PBXTargetDependency;
			target = A5F2AFCE12D402FCFE6DA6F8 /* Quota */;
			targetProxy = 44E2793C8C1EFDA9D5E346DB /* PBXContainerItemProxy */;
		};
/* End PBXTargetDependency section */

/* Begin XCBuildConfiguration section */
		0499EF2C27F6203663976123 /* Debug */ = {
			isa = XCBuildConfiguration;
			buildSettings = {
				ALWAYS_SEARCH_USER_PATHS = NO;
				CLANG_ANALYZER_NONNULL = YES;
				CLANG_ANALYZER_NUMBER_OBJECT_CONVERSION = YES_AGGRESSIVE;
				CLANG_CXX_LANGUAGE_STANDARD = "gnu++14";
				CLANG_CXX_LIBRARY = "libc++";
				CLANG_ENABLE_MODULES = YES;
				CLANG_ENABLE_OBJC_ARC = YES;
				CLANG_ENABLE_OBJC_WEAK = YES;
				CLANG_WARN_BLOCK_CAPTURE_AUTORELEASING = YES;
				CLANG_WARN_BOOL_CONVERSION = YES;
				CLANG_WARN_COMMA = YES;
				CLANG_WARN_CONSTANT_CONVERSION = YES;
				CLANG_WARN_DEPRECATED_OBJC_IMPLEMENTATIONS = YES;
				CLANG_WARN_DIRECT_OBJC_ISA_USAGE = YES_ERROR;
				CLANG_WARN_DOCUMENTATION_COMMENTS = YES;
				CLANG_WARN_EMPTY_BODY = YES;
				CLANG_WARN_ENUM_CONVERSION = YES;
				CLANG_WARN_INFINITE_RECURSION = YES;
				CLANG_WARN_INT_CONVERSION = YES;
				CLANG_WARN_NON_LITERAL_NULL_CONVERSION = YES;
				CLANG_WARN_OBJC_IMPLICIT_RETAIN_SELF = YES;
				CLANG_WARN_OBJC_LITERAL_CONVERSION = YES;
				CLANG_WARN_OBJC_ROOT_CLASS = YES_ERROR;
				CLANG_WARN_QUOTED_INCLUDE_IN_FRAMEWORK_HEADER = YES;
				CLANG_WARN_RANGE_LOOP_ANALYSIS = YES;
				CLANG_WARN_STRICT_PROTOTYPES = YES;
				CLANG_WARN_SUSPICIOUS_MOVE = YES;
				CLANG_WARN_UNGUARDED_AVAILABILITY = YES_AGGRESSIVE;
				CLANG_WARN_UNREACHABLE_CODE = YES;
				CLANG_WARN__DUPLICATE_METHOD_MATCH = YES;
				COPY_PHASE_STRIP = NO;
				DEBUG_INFORMATION_FORMAT = dwarf;
				ENABLE_STRICT_OBJC_MSGSEND = YES;
				ENABLE_TESTABILITY = YES;
				GCC_C_LANGUAGE_STANDARD = gnu11;
				GCC_DYNAMIC_NO_PIC = NO;
				GCC_NO_COMMON_BLOCKS = YES;
				GCC_OPTIMIZATION_LEVEL = 0;
				GCC_PREPROCESSOR_DEFINITIONS = (
					"$(inherited)",
					"DEBUG=1",
				);
				GCC_WARN_64_TO_32_BIT_CONVERSION = YES;
				GCC_WARN_ABOUT_RETURN_TYPE = YES_ERROR;
				GCC_WARN_UNDECLARED_SELECTOR = YES;
				GCC_WARN_UNINITIALIZED_AUTOS = YES_AGGRESSIVE;
				GCC_WARN_UNUSED_FUNCTION = YES;
				GCC_WARN_UNUSED_VARIABLE = YES;
				MTL_ENABLE_DEBUG_INFO = INCLUDE_SOURCE;
				MTL_FAST_MATH = YES;
				ONLY_ACTIVE_ARCH = YES;
				PRODUCT_NAME = "$(TARGET_NAME)";
				SDKROOT = macosx;
				SWIFT_ACTIVE_COMPILATION_CONDITIONS = DEBUG;
				SWIFT_OPTIMIZATION_LEVEL = "-Onone";
				SWIFT_VERSION = 5.0;
			};
			name = Debug;
		};
		17A9567E31883E96C8CC4701 /* Debug */ = {
			isa = XCBuildConfiguration;
			buildSettings = {
				BUNDLE_LOADER = "$(TEST_HOST)";
				COMBINE_HIDPI_IMAGES = YES;
				GENERATE_INFOPLIST_FILE = YES;
				LD_RUNPATH_SEARCH_PATHS = (
					"$(inherited)",
					"@executable_path/../Frameworks",
					"@loader_path/../Frameworks",
				);
				MACOSX_DEPLOYMENT_TARGET = 26.0;
				PRODUCT_BUNDLE_IDENTIFIER = com.quota.app.tests;
				SDKROOT = macosx;
				SWIFT_VERSION = 5.9;
				TEST_HOST = "$(BUILT_PRODUCTS_DIR)/Quota.app/Contents/MacOS/Quota";
			};
			name = Debug;
		};
		257FFCD97213D38BD64C28B5 /* Release */ = {
			isa = XCBuildConfiguration;
			buildSettings = {
				ASSETCATALOG_COMPILER_APPICON_NAME = AppIcon;
				COMBINE_HIDPI_IMAGES = YES;
				INFOPLIST_FILE = Quota/Info.plist;
				LD_RUNPATH_SEARCH_PATHS = (
					"$(inherited)",
					"@executable_path/../Frameworks",
				);
				MACOSX_DEPLOYMENT_TARGET = 26.0;
				PRODUCT_BUNDLE_IDENTIFIER = com.quota.app;
				SDKROOT = macosx;
				SWIFT_VERSION = 5.9;
			};
			name = Release;
		};
		5ACA0BEE7D7DBD960B238883 /* Release */ = {
			isa = XCBuildConfiguration;
			buildSettings = {
				ALWAYS_SEARCH_USER_PATHS = NO;
				CLANG_ANALYZER_NONNULL = YES;
				CLANG_ANALYZER_NUMBER_OBJECT_CONVERSION = YES_AGGRESSIVE;
				CLANG_CXX_LANGUAGE_STANDARD = "gnu++14";
				CLANG_CXX_LIBRARY = "libc++";
				CLANG_ENABLE_MODULES = YES;
				CLANG_ENABLE_OBJC_ARC = YES;
				CLANG_ENABLE_OBJC_WEAK = YES;
				CLANG_WARN_BLOCK_CAPTURE_AUTORELEASING = YES;
				CLANG_WARN_BOOL_CONVERSION = YES;
				CLANG_WARN_COMMA = YES;
				CLANG_WARN_CONSTANT_CONVERSION = YES;
				CLANG_WARN_DEPRECATED_OBJC_IMPLEMENTATIONS = YES;
				CLANG_WARN_DIRECT_OBJC_ISA_USAGE = YES_ERROR;
				CLANG_WARN_DOCUMENTATION_COMMENTS = YES;
				CLANG_WARN_EMPTY_BODY = YES;
				CLANG_WARN_ENUM_CONVERSION = YES;
				CLANG_WARN_INFINITE_RECURSION = YES;
				CLANG_WARN_INT_CONVERSION = YES;
				CLANG_WARN_NON_LITERAL_NULL_CONVERSION = YES;
				CLANG_WARN_OBJC_IMPLICIT_RETAIN_SELF = YES;
				CLANG_WARN_OBJC_LITERAL_CONVERSION = YES;
				CLANG_WARN_OBJC_ROOT_CLASS = YES_ERROR;
				CLANG_WARN_QUOTED_INCLUDE_IN_FRAMEWORK_HEADER = YES;
				CLANG_WARN_RANGE_LOOP_ANALYSIS = YES;
				CLANG_WARN_STRICT_PROTOTYPES = YES;
				CLANG_WARN_SUSPICIOUS_MOVE = YES;
				CLANG_WARN_UNGUARDED_AVAILABILITY = YES_AGGRESSIVE;
				CLANG_WARN_UNREACHABLE_CODE = YES;
				CLANG_WARN__DUPLICATE_METHOD_MATCH = YES;
				COPY_PHASE_STRIP = NO;
				DEBUG_INFORMATION_FORMAT = "dwarf-with-dsym";
				ENABLE_NS_ASSERTIONS = NO;
				ENABLE_STRICT_OBJC_MSGSEND = YES;
				GCC_C_LANGUAGE_STANDARD = gnu11;
				GCC_NO_COMMON_BLOCKS = YES;
				GCC_WARN_64_TO_32_BIT_CONVERSION = YES;
				GCC_WARN_ABOUT_RETURN_TYPE = YES_ERROR;
				GCC_WARN_UNDECLARED_SELECTOR = YES;
				GCC_WARN_UNINITIALIZED_AUTOS = YES_AGGRESSIVE;
				GCC_WARN_UNUSED_FUNCTION = YES;
				GCC_WARN_UNUSED_VARIABLE = YES;
				MTL_ENABLE_DEBUG_INFO = NO;
				MTL_FAST_MATH = YES;
				PRODUCT_NAME = "$(TARGET_NAME)";
				SDKROOT = macosx;
				SWIFT_COMPILATION_MODE = wholemodule;
				SWIFT_OPTIMIZATION_LEVEL = "-O";
				SWIFT_VERSION = 5.0;
			};
			name = Release;
		};
		7B2D7110C6E2CE6B4AD2530F /* Debug */ = {
			isa = XCBuildConfiguration;
			buildSettings = {
				ASSETCATALOG_COMPILER_APPICON_NAME = AppIcon;
				COMBINE_HIDPI_IMAGES = YES;
				INFOPLIST_FILE = Quota/Info.plist;
				LD_RUNPATH_SEARCH_PATHS = (
					"$(inherited)",
					"@executable_path/../Frameworks",
				);
				MACOSX_DEPLOYMENT_TARGET = 26.0;
				PRODUCT_BUNDLE_IDENTIFIER = com.quota.app;
				SDKROOT = macosx;
				SWIFT_VERSION = 5.9;
			};
			name = Debug;
		};
		A6DF3B047FE5EEEA1DA86432 /* Release */ = {
			isa = XCBuildConfiguration;
			buildSettings = {
				BUNDLE_LOADER = "$(TEST_HOST)";
				COMBINE_HIDPI_IMAGES = YES;
				GENERATE_INFOPLIST_FILE = YES;
				LD_RUNPATH_SEARCH_PATHS = (
					"$(inherited)",
					"@executable_path/../Frameworks",
					"@loader_path/../Frameworks",
				);
				MACOSX_DEPLOYMENT_TARGET = 26.0;
				PRODUCT_BUNDLE_IDENTIFIER = com.quota.app.tests;
				SDKROOT = macosx;
				SWIFT_VERSION = 5.9;
				TEST_HOST = "$(BUILT_PRODUCTS_DIR)/Quota.app/Contents/MacOS/Quota";
			};
			name = Release;
		};
/* End XCBuildConfiguration section */

/* Begin XCConfigurationList section */
		5ECF12D7E3D332D44E2F8AA5 /* Build configuration list for PBXNativeTarget "QuotaTests" */ = {
			isa = XCConfigurationList;
			buildConfigurations = (
				17A9567E31883E96C8CC4701 /* Debug */,
				A6DF3B047FE5EEEA1DA86432 /* Release */,
			);
			defaultConfigurationIsVisible = 0;
			defaultConfigurationName = Debug;
		};
		99350F87BCA90E5BF4AC2589 /* Build configuration list for PBXNativeTarget "Quota" */ = {
			isa = XCConfigurationList;
			buildConfigurations = (
				7B2D7110C6E2CE6B4AD2530F /* Debug */,
				257FFCD97213D38BD64C28B5 /* Release */,
			);
			defaultConfigurationIsVisible = 0;
			defaultConfigurationName = Debug;
		};
		CC3F7FD55D6F0971B1271D19 /* Build configuration list for PBXProject "Quota" */ = {
			isa = XCConfigurationList;
			buildConfigurations = (
				0499EF2C27F6203663976123 /* Debug */,
				5ACA0BEE7D7DBD960B238883 /* Release */,
			);
			defaultConfigurationIsVisible = 0;
			defaultConfigurationName = Debug;
		};
/* End XCConfigurationList section */
	};
	rootObject = 24FB92C63FDB195B2C7535B7 /* Project object */;
}
