// !$*UTF8*$!
{
	archiveVersion = 1;
	classes = {
	};
	objectVersion = 77;
	objects = {

/* Begin PBXBuildFile section */
		09513F16A1C36B664B105F4D /* GrowthStore.swift in Sources */ = {isa = PBXBuildFile; fileRef = 694A9609392B6FDBF6F795CD /* GrowthStore.swift */; };
		09E5FF860E3846F111F29D64 /* GrowthEngine.swift in Sources */ = {isa = PBXBuildFile; fileRef = 52E02B09537952D8CA58865A /* GrowthEngine.swift */; };
		0A47824554C1429037C478C9 /* opencode_sample.json in Resources */ = {isa = PBXBuildFile; fileRef = 34939660747858E47D81A896 /* opencode_sample.json */; };
		0BC34BC4E842A035E286AC38 /* AppCoordinator.swift in Sources */ = {isa = PBXBuildFile; fileRef = EFCD7BA48B79CE99162BB7A5 /* AppCoordinator.swift */; };
		0D1478BD9887EA09B7437EDA /* FXModules.swift in Sources */ = {isa = PBXBuildFile; fileRef = 02B0619124319229B10DB484 /* FXModules.swift */; };
		0D6F974A6A68C8255CE17D2A /* PetViewModel.swift in Sources */ = {isa = PBXBuildFile; fileRef = B52CBD94E5910ED06A425C3C /* PetViewModel.swift */; };
		16EA9521CDA030620DE6A419 /* MapTab.swift in Sources */ = {isa = PBXBuildFile; fileRef = 4491D293E3F6BA5DFEEEC2A4 /* MapTab.swift */; };
		1C032DEA17F7EDAA7D5349F3 /* gemini_sample.json in Resources */ = {isa = PBXBuildFile; fileRef = FE22542ED2A510E28DA6DA7C /* gemini_sample.json */; };
		210579FE34D21A6E145BDB75 /* QuotaTier.swift in Sources */ = {isa = PBXBuildFile; fileRef = 27FA3634ADF305BDF917BF6B /* QuotaTier.swift */; };
		2149B8F6DD9541BF2E0CE5A5 /* ClaudeLogParser.swift in Sources */ = {isa = PBXBuildFile; fileRef = 6230AD37BAFDF6009C84B66D /* ClaudeLogParser.swift */; };
		241F67C9A786BACDFC92C2D4 /* Accessory.swift in Sources */ = {isa = PBXBuildFile; fileRef = 99CE2F3CA0D291740976E7EA /* Accessory.swift */; };
		2A2317D0F005270C335D3798 /* CliCardView.swift in Sources */ = {isa = PBXBuildFile; fileRef = 3B4E20C56B29053A38F4C8D0 /* CliCardView.swift */; };
		2B81DC330F8FE5701A2C1F3D /* HookPermissionView.swift in Sources */ = {isa = PBXBuildFile; fileRef = E9B02CE8A603C370080E1C56 /* HookPermissionView.swift */; };
		2C4870A406DE2E3C7E4E1528 /* SysTab.swift in Sources */ = {isa = PBXBuildFile; fileRef = D11DBD5FB294FA4BE66E36A2 /* SysTab.swift */; };
		2ED4924BFC5526A6A5250E83 /* GalaxyObservatoryScene.swift in Sources */ = {isa = PBXBuildFile; fileRef = 9808A22A4B0F104DEA54D6BD /* GalaxyObservatoryScene.swift */; };
		31C5C8CEAECB30D7E951C812 /* PopoverView.swift in Sources */ = {isa = PBXBuildFile; fileRef = 60297808408A5939E6D93BD2 /* PopoverView.swift */; };
		31D3D0833FEE73E24684A1BC /* UnderwaterScene.swift in Sources */ = {isa = PBXBuildFile; fileRef = FBB459746E7968D5048831CB /* UnderwaterScene.swift */; };
		330EC8D06DCF268C659420A2 /* AgentSkin.swift in Sources */ = {isa = PBXBuildFile; fileRef = B6B161320AB8F459F62F9F48 /* AgentSkin.swift */; };
		33E804004A0614559589C180 /* AnimationClockTests.swift in Sources */ = {isa = PBXBuildFile; fileRef = C5FF5F498032037211B5C222 /* AnimationClockTests.swift */; };
		362E6CC4C5EF13143DDFBE5E /* SystemEvent.swift in Sources */ = {isa = PBXBuildFile; fileRef = ABAE73F7F5DCD857D883A8E3 /* SystemEvent.swift */; };
		38BD0015059AC48A6FD38792 /* pixelpets-hook.js in Resources */ = {isa = PBXBuildFile; fileRef = E9B4482F5071602C678D496E /* pixelpets-hook.js */; };
		3A1349CB2AF4BF3BA081A6B5 /* CodexLogParserTests.swift in Sources */ = {isa = PBXBuildFile; fileRef = 8EE22E86BDDAD381ADABEDF4 /* CodexLogParserTests.swift */; };
		3CB81B022879D759D093B98E /* HabitatScene.swift in Sources */ = {isa = PBXBuildFile; fileRef = B7EEFF2DA5DA38BCA2811AE0 /* HabitatScene.swift */; };
		3E374B35CE5998C2B889B8D0 /* NodeGateTests.swift in Sources */ = {isa = PBXBuildFile; fileRef = 3D41AA1ACC9646A8906B937F /* NodeGateTests.swift */; };
		3F00AB7AC7A60B40AAA98D5D /* BitBotV2FaceProvider.swift in Sources */ = {isa = PBXBuildFile; fileRef = 1E8DD5CC086B1FDEB0D4C11E /* BitBotV2FaceProvider.swift */; };
		407BBD34F90B5EB23C293446 /* SceneRegistryTests.swift in Sources */ = {isa = PBXBuildFile; fileRef = 95A47238E0C0DA4C054623C9 /* SceneRegistryTests.swift */; };
		461BB31732DAD92254531F33 /* PetStateMachine.swift in Sources */ = {isa = PBXBuildFile; fileRef = 0A72F4F208D51F2DA034981F /* PetStateMachine.swift */; };
		4EED8D9ABB2C68C7D053BE62 /* LoadoutTab.swift in Sources */ = {isa = PBXBuildFile; fileRef = FB4DB44E1B953463E26A0C87 /* LoadoutTab.swift */; };
		4F9D695DFFE0DF0F2BC37A1D /* SciFiQuartersScene.swift in Sources */ = {isa = PBXBuildFile; fileRef = 90061AD910EF29CA768D68F4 /* SciFiQuartersScene.swift */; };
		56CFA5EE01D3CF64A550CEC9 /* CyberpunkLabScene.swift in Sources */ = {isa = PBXBuildFile; fileRef = F5B7C7ACDA1D8E6F97737825 /* CyberpunkLabScene.swift */; };
		5CA68D8D7383B681F9B90F71 /* ClaudeLogParserTests.swift in Sources */ = {isa = PBXBuildFile; fileRef = FFC47AF5D7354F040D7EAA76 /* ClaudeLogParserTests.swift */; };
		5F7D433973146C5AE5674233 /* codex_sample.jsonl in Resources */ = {isa = PBXBuildFile; fileRef = 43E4787627A5AA5FD6306B1C /* codex_sample.jsonl */; };
		6086C0743523B0F6A28BC8C0 /* GrowthStoreTests.swift in Sources */ = {isa = PBXBuildFile; fileRef = E9A9DF6725902A5ECAB8C21C /* GrowthStoreTests.swift */; };
		66039CAF4D24E45AFAD241F6 /* OpenCodeLogParser.swift in Sources */ = {isa = PBXBuildFile; fileRef = 9394436749431BF36A637FED /* OpenCodeLogParser.swift */; };
		66083BAFD5E9226509648B89 /* VisualState.swift in Sources */ = {isa = PBXBuildFile; fileRef = 3E6351328D8C8825F75DB027 /* VisualState.swift */; };
		67408F393CF1F241A056E447 /* GameSettingsView.swift in Sources */ = {isa = PBXBuildFile; fileRef = 7C77F49A948472204AEFDF7E /* GameSettingsView.swift */; };
		6C3E6C0F0A27962E3D82489C /* PetStateMachineTests.swift in Sources */ = {isa = PBXBuildFile; fileRef = F79B9631F3A2B78910DA9348 /* PetStateMachineTests.swift */; };
		776B90A5D7870C311722EFF8 /* CodexLogParser.swift in Sources */ = {isa = PBXBuildFile; fileRef = 360DBA3F345693F7CCBFB7AA /* CodexLogParser.swift */; };
		78D6B796229BC8CE9CCE25B1 /* OpenCodeGoQuotaClient.swift in Sources */ = {isa = PBXBuildFile; fileRef = F506134FD22F7BB13B9BE497 /* OpenCodeGoQuotaClient.swift */; };
		7EC3EBE2B508352497F79092 /* gemini-hook.js in Resources */ = {isa = PBXBuildFile; fileRef = CB85949D9BAB777DA9C22692 /* gemini-hook.js */; };
		8103C05BDDDCA7E14979FFD7 /* HookRegistrar.swift in Sources */ = {isa = PBXBuildFile; fileRef = 92E3D65629E78F17CFEAC1B5 /* HookRegistrar.swift */; };
		88BAB168E89E08DCBED3B6DB /* EnabledCLIsFilterTests.swift in Sources */ = {isa = PBXBuildFile; fileRef = 34A6FA8C940C21A855BDD013 /* EnabledCLIsFilterTests.swift */; };
		8A264527F73DA7F2C5D35AF3 /* gemini_sample.json in Resources */ = {isa = PBXBuildFile; fileRef = FE22542ED2A510E28DA6DA7C /* gemini_sample.json */; };
		8A6F7E9249AB47A9B37BB11C /* PetState.swift in Sources */ = {isa = PBXBuildFile; fileRef = 683C1BB6357F9C9CD9E0C516 /* PetState.swift */; };
		8AA227BCB4EAB6ABB811B135 /* HookRegistrarTests.swift in Sources */ = {isa = PBXBuildFile; fileRef = 1D7F6A06364FC86944504B15 /* HookRegistrarTests.swift */; };
		8AACAAC62F8149551BE9D596 /* PixelColor.swift in Sources */ = {isa = PBXBuildFile; fileRef = 9276B97C5781060F8B436E4A /* PixelColor.swift */; };
		8FE3FA6E864BDD0682052E97 /* AssetRegistry.swift in Sources */ = {isa = PBXBuildFile; fileRef = 9CC0D6D6102F63EC9CD74390 /* AssetRegistry.swift */; };
		905F301E04A93DDFA4B47B29 /* SettingsStore.swift in Sources */ = {isa = PBXBuildFile; fileRef = 46A43FD451CF7A4BE88EBD8C /* SettingsStore.swift */; };
		9529F0562B69CF5D49F8D038 /* SettingsStoreTests.swift in Sources */ = {isa = PBXBuildFile; fileRef = 61EBFE7714D1C3320134755B /* SettingsStoreTests.swift */; };
		96BC6DEF1CBD42BED6FDBB31 /* AnimationClock.swift in Sources */ = {isa = PBXBuildFile; fileRef = AC63BEA6AC09DEED79DC7523 /* AnimationClock.swift */; };
		A28DC8662EDDF29DBAF20069 /* opencode_sample.json in Resources */ = {isa = PBXBuildFile; fileRef = 34939660747858E47D81A896 /* opencode_sample.json */; };
		A4B4591701321FF657CF855E /* ManifestValidator.swift in Sources */ = {isa = PBXBuildFile; fileRef = 75FA5D54AC250067F6F46DCB /* ManifestValidator.swift */; };
		AD0872A911ED8766A7492B29 /* ClaudeQuotaClient.swift in Sources */ = {isa = PBXBuildFile; fileRef = 99C7006C828E56636FAA552E /* ClaudeQuotaClient.swift */; };
		B1137381FF565B4109F3BE72 /* GeminiLogParser.swift in Sources */ = {isa = PBXBuildFile; fileRef = 1CD3546F58A0D1360A238DC3 /* GeminiLogParser.swift */; };
		B262D5655FECE5FBC8DCFE42 /* claude_sample.jsonl in Resources */ = {isa = PBXBuildFile; fileRef = 9CCC288550F94E3A3960E5A3 /* claude_sample.jsonl */; };
		B5B14046A8EFD2856BE8D446 /* codex-hook.js in Resources */ = {isa = PBXBuildFile; fileRef = 9F56DC065FAE03A663C8383E /* codex-hook.js */; };
		BA99E9516BC24CE665F0F641 /* HabitatView.swift in Sources */ = {isa = PBXBuildFile; fileRef = 4C8BF2517DCE7CEFB60114B3 /* HabitatView.swift */; };
		BC1211A5AC91155F76A86345 /* HookServer.swift in Sources */ = {isa = PBXBuildFile; fileRef = 215E338061E37977B5F19E4C /* HookServer.swift */; };
		BC2B071DF2D1A5C092EB4D00 /* Assets in Resources */ = {isa = PBXBuildFile; fileRef = BDB07994EE12CD72DE0C6643 /* Assets */; };
		BC366626C0D435185948FD29 /* FaceProvider.swift in Sources */ = {isa = PBXBuildFile; fileRef = 4EE0EC6058E905C89792375F /* FaceProvider.swift */; };
		BDB688527872D702C345F81D /* NodeGate.swift in Sources */ = {isa = PBXBuildFile; fileRef = C5DFC862F77574208340D87A /* NodeGate.swift */; };
		C27119513A6AEF92DC1BB180 /* QuotaBarView.swift in Sources */ = {isa = PBXBuildFile; fileRef = 75B17D2BEBB46E8651F7C8A8 /* QuotaBarView.swift */; };
		C29BF54B3853312815EA2616 /* AccessorySlotTests.swift in Sources */ = {isa = PBXBuildFile; fileRef = 524322FEDC96502C39BC210C /* AccessorySlotTests.swift */; };
		C57516B8AF4E3C9438DA9264 /* SpaceStationScene.swift in Sources */ = {isa = PBXBuildFile; fileRef = 6ADD1FCEA57D688F94D5126B /* SpaceStationScene.swift */; };
		C69B5DCFFA3C085031E1EA3E /* VisualStateReducer.swift in Sources */ = {isa = PBXBuildFile; fileRef = 530D6C4F6D0BFEE377B769A0 /* VisualStateReducer.swift */; };
		C74BC198CDC94ACA6DB7191E /* AppCoordinatorTests.swift in Sources */ = {isa = PBXBuildFile; fileRef = 8B9AFFE26EB9D5A1BFB00978 /* AppCoordinatorTests.swift */; };
		C7F6F0B14EA6901E2E50E89B /* OpenCodeLogParserTests.swift in Sources */ = {isa = PBXBuildFile; fileRef = ED453D5895F1388444DDFB44 /* OpenCodeLogParserTests.swift */; };
		CAB8B886E33493A8717256B0 /* UnitTab.swift in Sources */ = {isa = PBXBuildFile; fileRef = 93816F676209A8B72617BD27 /* UnitTab.swift */; };
		CC88A2B37E5D3E472CFB7DA5 /* BitBotV2Renderer.swift in Sources */ = {isa = PBXBuildFile; fileRef = 8DF70E01263FF371F30DD0F5 /* BitBotV2Renderer.swift */; };
		D8B01589C118BB45803F5FA3 /* MenuBarIconRenderer.swift in Sources */ = {isa = PBXBuildFile; fileRef = BE98564E5C6F47927461B3BB /* MenuBarIconRenderer.swift */; };
		DA7B8F8212627EC4E56FDCC8 /* GrowthEngineTests.swift in Sources */ = {isa = PBXBuildFile; fileRef = E5585BE7221D4BD3F166CB3E /* GrowthEngineTests.swift */; };
		DACE0CA30AABD07B5497FBAF /* PixelPetsApp.swift in Sources */ = {isa = PBXBuildFile; fileRef = B4D228234AC373EA76E5C54E /* PixelPetsApp.swift */; };
		E1387ED2C7775C1E728CD015 /* GeminiLogParserTests.swift in Sources */ = {isa = PBXBuildFile; fileRef = 45D0CBD32FB778AFE94DEA53 /* GeminiLogParserTests.swift */; };
		E357C6E529165DEE6B8DDF22 /* PetRenderer.swift in Sources */ = {isa = PBXBuildFile; fileRef = 888779C2D18C39C636AA0371 /* PetRenderer.swift */; };
		E445E70C800B484C2EBD1EAF /* TokenBatch.swift in Sources */ = {isa = PBXBuildFile; fileRef = 68CCCED7D669E8EA0A57A4B7 /* TokenBatch.swift */; };
		E47E29F5AF119F6055E983CD /* claude_sample.jsonl in Resources */ = {isa = PBXBuildFile; fileRef = 9CCC288550F94E3A3960E5A3 /* claude_sample.jsonl */; };
		E6676DDEB701A3B308025398 /* HabitatRenderer.swift in Sources */ = {isa = PBXBuildFile; fileRef = 8162BFBFAC6F397D720ECF7E /* HabitatRenderer.swift */; };
		E80B86BFD06D585D2E4FDDEA /* ClaudeQuotaClientTests.swift in Sources */ = {isa = PBXBuildFile; fileRef = F8D24223BCBA7E351F2CB768 /* ClaudeQuotaClientTests.swift */; };
		F2C2C632A8CF32BF61019AC8 /* HookServerTests.swift in Sources */ = {isa = PBXBuildFile; fileRef = 902053947864E8D75FE02CFB /* HookServerTests.swift */; };
		F8B8897D5414AA737BF8FEBE /* Assets in Resources */ = {isa = PBXBuildFile; fileRef = 427D83A561C5233E212E56D1 /* Assets */; };
		FAC75BF2C50D8290E2AD26C9 /* AssetModels.swift in Sources */ = {isa = PBXBuildFile; fileRef = B135BD52FFCDB08D95BB636D /* AssetModels.swift */; };
		FAD36F908B01738A66189F55 /* codex_sample.jsonl in Resources */ = {isa = PBXBuildFile; fileRef = 43E4787627A5AA5FD6306B1C /* codex_sample.jsonl */; };
/* End PBXBuildFile section */

/* Begin PBXContainerItemProxy section */
		7352C8FFD8427764608A0D51 /* PBXContainerItemProxy */ = {
			isa = PBXContainerItemProxy;
			containerPortal = 044E52543CCA691D33EB3650 /* Project object */;
			proxyType = 1;
			remoteGlobalIDString = 978FDD4665EC6BCDFA2AB1CA;
			remoteInfo = PixelPets;
		};
/* End PBXContainerItemProxy section */

/* Begin PBXFileReference section */
		02B0619124319229B10DB484 /* FXModules.swift */ = {isa = PBXFileReference; includeInIndex = 1; lastKnownFileType = sourcecode.swift; path = FX/FXModules.swift; sourceTree = "<group>"; };
		0A72F4F208D51F2DA034981F /* PetStateMachine.swift */ = {isa = PBXFileReference; lastKnownFileType = sourcecode.swift; path = PetStateMachine.swift; sourceTree = "<group>"; };
		1CD3546F58A0D1360A238DC3 /* GeminiLogParser.swift */ = {isa = PBXFileReference; lastKnownFileType = sourcecode.swift; path = GeminiLogParser.swift; sourceTree = "<group>"; };
		1D7F6A06364FC86944504B15 /* HookRegistrarTests.swift */ = {isa = PBXFileReference; lastKnownFileType = sourcecode.swift; path = HookRegistrarTests.swift; sourceTree = "<group>"; };
		1E8DD5CC086B1FDEB0D4C11E /* BitBotV2FaceProvider.swift */ = {isa = PBXFileReference; lastKnownFileType = sourcecode.swift; path = BitBotV2FaceProvider.swift; sourceTree = "<group>"; };
		215E338061E37977B5F19E4C /* HookServer.swift */ = {isa = PBXFileReference; lastKnownFileType = sourcecode.swift; path = HookServer.swift; sourceTree = "<group>"; };
		27FA3634ADF305BDF917BF6B /* QuotaTier.swift */ = {isa = PBXFileReference; lastKnownFileType = sourcecode.swift; path = QuotaTier.swift; sourceTree = "<group>"; };
		34939660747858E47D81A896 /* opencode_sample.json */ = {isa = PBXFileReference; lastKnownFileType = text.json; path = opencode_sample.json; sourceTree = "<group>"; };
		34A6FA8C940C21A855BDD013 /* EnabledCLIsFilterTests.swift */ = {isa = PBXFileReference; lastKnownFileType = sourcecode.swift; path = EnabledCLIsFilterTests.swift; sourceTree = "<group>"; };
		360DBA3F345693F7CCBFB7AA /* CodexLogParser.swift */ = {isa = PBXFileReference; lastKnownFileType = sourcecode.swift; path = CodexLogParser.swift; sourceTree = "<group>"; };
		3B4E20C56B29053A38F4C8D0 /* CliCardView.swift */ = {isa = PBXFileReference; lastKnownFileType = sourcecode.swift; path = CliCardView.swift; sourceTree = "<group>"; };
		3D41AA1ACC9646A8906B937F /* NodeGateTests.swift */ = {isa = PBXFileReference; lastKnownFileType = sourcecode.swift; path = NodeGateTests.swift; sourceTree = "<group>"; };
		3E6351328D8C8825F75DB027 /* VisualState.swift */ = {isa = PBXFileReference; includeInIndex = 1; lastKnownFileType = sourcecode.swift; path = VisualState.swift; sourceTree = "<group>"; };
		427D83A561C5233E212E56D1 /* Assets */ = {isa = PBXFileReference; includeInIndex = 1; path = Assets; sourceTree = "<group>"; };
		43E4787627A5AA5FD6306B1C /* codex_sample.jsonl */ = {isa = PBXFileReference; path = codex_sample.jsonl; sourceTree = "<group>"; };
		4491D293E3F6BA5DFEEEC2A4 /* MapTab.swift */ = {isa = PBXFileReference; lastKnownFileType = sourcecode.swift; path = MapTab.swift; sourceTree = "<group>"; };
		45D0CBD32FB778AFE94DEA53 /* GeminiLogParserTests.swift */ = {isa = PBXFileReference; lastKnownFileType = sourcecode.swift; path = GeminiLogParserTests.swift; sourceTree = "<group>"; };
		46A43FD451CF7A4BE88EBD8C /* SettingsStore.swift */ = {isa = PBXFileReference; lastKnownFileType = sourcecode.swift; path = SettingsStore.swift; sourceTree = "<group>"; };
		4C8BF2517DCE7CEFB60114B3 /* HabitatView.swift */ = {isa = PBXFileReference; lastKnownFileType = sourcecode.swift; path = HabitatView.swift; sourceTree = "<group>"; };
		4EE0EC6058E905C89792375F /* FaceProvider.swift */ = {isa = PBXFileReference; lastKnownFileType = sourcecode.swift; path = FaceProvider.swift; sourceTree = "<group>"; };
		524322FEDC96502C39BC210C /* AccessorySlotTests.swift */ = {isa = PBXFileReference; lastKnownFileType = sourcecode.swift; path = AccessorySlotTests.swift; sourceTree = "<group>"; };
		52E02B09537952D8CA58865A /* GrowthEngine.swift */ = {isa = PBXFileReference; lastKnownFileType = sourcecode.swift; path = GrowthEngine.swift; sourceTree = "<group>"; };
		530D6C4F6D0BFEE377B769A0 /* VisualStateReducer.swift */ = {isa = PBXFileReference; includeInIndex = 1; lastKnownFileType = sourcecode.swift; path = VisualStateReducer.swift; sourceTree = "<group>"; };
		5374C17A55C4816597BD775D /* Info.plist */ = {isa = PBXFileReference; lastKnownFileType = text.plist; path = Info.plist; sourceTree = "<group>"; };
		5E565548CDE4528D76590E57 /* PixelPetsTests.xctest */ = {isa = PBXFileReference; explicitFileType = wrapper.cfbundle; includeInIndex = 0; path = PixelPetsTests.xctest; sourceTree = BUILT_PRODUCTS_DIR; };
		60297808408A5939E6D93BD2 /* PopoverView.swift */ = {isa = PBXFileReference; lastKnownFileType = sourcecode.swift; path = PopoverView.swift; sourceTree = "<group>"; };
		61EBFE7714D1C3320134755B /* SettingsStoreTests.swift */ = {isa = PBXFileReference; lastKnownFileType = sourcecode.swift; path = SettingsStoreTests.swift; sourceTree = "<group>"; };
		6230AD37BAFDF6009C84B66D /* ClaudeLogParser.swift */ = {isa = PBXFileReference; lastKnownFileType = sourcecode.swift; path = ClaudeLogParser.swift; sourceTree = "<group>"; };
		683C1BB6357F9C9CD9E0C516 /* PetState.swift */ = {isa = PBXFileReference; lastKnownFileType = sourcecode.swift; path = PetState.swift; sourceTree = "<group>"; };
		68CCCED7D669E8EA0A57A4B7 /* TokenBatch.swift */ = {isa = PBXFileReference; lastKnownFileType = sourcecode.swift; path = TokenBatch.swift; sourceTree = "<group>"; };
		694A9609392B6FDBF6F795CD /* GrowthStore.swift */ = {isa = PBXFileReference; lastKnownFileType = sourcecode.swift; path = GrowthStore.swift; sourceTree = "<group>"; };
		6ADD1FCEA57D688F94D5126B /* SpaceStationScene.swift */ = {isa = PBXFileReference; lastKnownFileType = sourcecode.swift; path = SpaceStationScene.swift; sourceTree = "<group>"; };
		75B17D2BEBB46E8651F7C8A8 /* QuotaBarView.swift */ = {isa = PBXFileReference; lastKnownFileType = sourcecode.swift; path = QuotaBarView.swift; sourceTree = "<group>"; };
		75FA5D54AC250067F6F46DCB /* ManifestValidator.swift */ = {isa = PBXFileReference; includeInIndex = 1; lastKnownFileType = sourcecode.swift; path = ManifestValidator.swift; sourceTree = "<group>"; };
		7C77F49A948472204AEFDF7E /* GameSettingsView.swift */ = {isa = PBXFileReference; lastKnownFileType = sourcecode.swift; path = GameSettingsView.swift; sourceTree = "<group>"; };
		8162BFBFAC6F397D720ECF7E /* HabitatRenderer.swift */ = {isa = PBXFileReference; includeInIndex = 1; lastKnownFileType = sourcecode.swift; path = HabitatRenderer.swift; sourceTree = "<group>"; };
		888779C2D18C39C636AA0371 /* PetRenderer.swift */ = {isa = PBXFileReference; includeInIndex = 1; lastKnownFileType = sourcecode.swift; path = PetRenderer.swift; sourceTree = "<group>"; };
		8B9AFFE26EB9D5A1BFB00978 /* AppCoordinatorTests.swift */ = {isa = PBXFileReference; lastKnownFileType = sourcecode.swift; path = AppCoordinatorTests.swift; sourceTree = "<group>"; };
		8DF70E01263FF371F30DD0F5 /* BitBotV2Renderer.swift */ = {isa = PBXFileReference; lastKnownFileType = sourcecode.swift; path = BitBotV2Renderer.swift; sourceTree = "<group>"; };
		8EE22E86BDDAD381ADABEDF4 /* CodexLogParserTests.swift */ = {isa = PBXFileReference; lastKnownFileType = sourcecode.swift; path = CodexLogParserTests.swift; sourceTree = "<group>"; };
		90061AD910EF29CA768D68F4 /* SciFiQuartersScene.swift */ = {isa = PBXFileReference; lastKnownFileType = sourcecode.swift; path = SciFiQuartersScene.swift; sourceTree = "<group>"; };
		902053947864E8D75FE02CFB /* HookServerTests.swift */ = {isa = PBXFileReference; lastKnownFileType = sourcecode.swift; path = HookServerTests.swift; sourceTree = "<group>"; };
		9276B97C5781060F8B436E4A /* PixelColor.swift */ = {isa = PBXFileReference; lastKnownFileType = sourcecode.swift; path = PixelColor.swift; sourceTree = "<group>"; };
		92E3D65629E78F17CFEAC1B5 /* HookRegistrar.swift */ = {isa = PBXFileReference; lastKnownFileType = sourcecode.swift; path = HookRegistrar.swift; sourceTree = "<group>"; };
		93816F676209A8B72617BD27 /* UnitTab.swift */ = {isa = PBXFileReference; lastKnownFileType = sourcecode.swift; path = UnitTab.swift; sourceTree = "<group>"; };
		9394436749431BF36A637FED /* OpenCodeLogParser.swift */ = {isa = PBXFileReference; lastKnownFileType = sourcecode.swift; path = OpenCodeLogParser.swift; sourceTree = "<group>"; };
		95A47238E0C0DA4C054623C9 /* SceneRegistryTests.swift */ = {isa = PBXFileReference; lastKnownFileType = sourcecode.swift; path = SceneRegistryTests.swift; sourceTree = "<group>"; };
		9808A22A4B0F104DEA54D6BD /* GalaxyObservatoryScene.swift */ = {isa = PBXFileReference; includeInIndex = 1; lastKnownFileType = sourcecode.swift; path = GalaxyObservatoryScene.swift; sourceTree = "<group>"; };
		99C7006C828E56636FAA552E /* ClaudeQuotaClient.swift */ = {isa = PBXFileReference; lastKnownFileType = sourcecode.swift; path = ClaudeQuotaClient.swift; sourceTree = "<group>"; };
		99CE2F3CA0D291740976E7EA /* Accessory.swift */ = {isa = PBXFileReference; lastKnownFileType = sourcecode.swift; path = Accessory.swift; sourceTree = "<group>"; };
		9CC0D6D6102F63EC9CD74390 /* AssetRegistry.swift */ = {isa = PBXFileReference; includeInIndex = 1; lastKnownFileType = sourcecode.swift; path = AssetRegistry.swift; sourceTree = "<group>"; };
		9CCC288550F94E3A3960E5A3 /* claude_sample.jsonl */ = {isa = PBXFileReference; path = claude_sample.jsonl; sourceTree = "<group>"; };
		9F56DC065FAE03A663C8383E /* codex-hook.js */ = {isa = PBXFileReference; lastKnownFileType = sourcecode.javascript; path = "codex-hook.js"; sourceTree = "<group>"; };
		ABAE73F7F5DCD857D883A8E3 /* SystemEvent.swift */ = {isa = PBXFileReference; includeInIndex = 1; lastKnownFileType = sourcecode.swift; path = SystemEvent.swift; sourceTree = "<group>"; };
		AC63BEA6AC09DEED79DC7523 /* AnimationClock.swift */ = {isa = PBXFileReference; lastKnownFileType = sourcecode.swift; path = AnimationClock.swift; sourceTree = "<group>"; };
		B135BD52FFCDB08D95BB636D /* AssetModels.swift */ = {isa = PBXFileReference; includeInIndex = 1; lastKnownFileType = sourcecode.swift; path = AssetModels.swift; sourceTree = "<group>"; };
		B4D228234AC373EA76E5C54E /* PixelPetsApp.swift */ = {isa = PBXFileReference; lastKnownFileType = sourcecode.swift; path = PixelPetsApp.swift; sourceTree = "<group>"; };
		B52CBD94E5910ED06A425C3C /* PetViewModel.swift */ = {isa = PBXFileReference; lastKnownFileType = sourcecode.swift; path = PetViewModel.swift; sourceTree = "<group>"; };
		B6B161320AB8F459F62F9F48 /* AgentSkin.swift */ = {isa = PBXFileReference; lastKnownFileType = sourcecode.swift; path = AgentSkin.swift; sourceTree = "<group>"; };
		B7EEFF2DA5DA38BCA2811AE0 /* HabitatScene.swift */ = {isa = PBXFileReference; lastKnownFileType = sourcecode.swift; path = HabitatScene.swift; sourceTree = "<group>"; };
		BB5FC658A7CAC3CD9205611B /* PixelPets.app */ = {isa = PBXFileReference; explicitFileType = wrapper.application; includeInIndex = 0; path = PixelPets.app; sourceTree = BUILT_PRODUCTS_DIR; };
		BDB07994EE12CD72DE0C6643 /* Assets */ = {isa = PBXFileReference; includeInIndex = 1; name = Assets; path = PixelPets/Resources/Assets; sourceTree = "<group>"; };
		BE98564E5C6F47927461B3BB /* MenuBarIconRenderer.swift */ = {isa = PBXFileReference; lastKnownFileType = sourcecode.swift; path = MenuBarIconRenderer.swift; sourceTree = "<group>"; };
		C5DFC862F77574208340D87A /* NodeGate.swift */ = {isa = PBXFileReference; lastKnownFileType = sourcecode.swift; path = NodeGate.swift; sourceTree = "<group>"; };
		C5FF5F498032037211B5C222 /* AnimationClockTests.swift */ = {isa = PBXFileReference; lastKnownFileType = sourcecode.swift; path = AnimationClockTests.swift; sourceTree = "<group>"; };
		CB85949D9BAB777DA9C22692 /* gemini-hook.js */ = {isa = PBXFileReference; lastKnownFileType = sourcecode.javascript; path = "gemini-hook.js"; sourceTree = "<group>"; };
		D11DBD5FB294FA4BE66E36A2 /* SysTab.swift */ = {isa = PBXFileReference; lastKnownFileType = sourcecode.swift; path = SysTab.swift; sourceTree = "<group>"; };
		E5585BE7221D4BD3F166CB3E /* GrowthEngineTests.swift */ = {isa = PBXFileReference; lastKnownFileType = sourcecode.swift; path = GrowthEngineTests.swift; sourceTree = "<group>"; };
		E9A9DF6725902A5ECAB8C21C /* GrowthStoreTests.swift */ = {isa = PBXFileReference; lastKnownFileType = sourcecode.swift; path = GrowthStoreTests.swift; sourceTree = "<group>"; };
		E9B02CE8A603C370080E1C56 /* HookPermissionView.swift */ = {isa = PBXFileReference; lastKnownFileType = sourcecode.swift; path = HookPermissionView.swift; sourceTree = "<group>"; };
		E9B4482F5071602C678D496E /* pixelpets-hook.js */ = {isa = PBXFileReference; lastKnownFileType = sourcecode.javascript; path = "pixelpets-hook.js"; sourceTree = "<group>"; };
		ED453D5895F1388444DDFB44 /* OpenCodeLogParserTests.swift */ = {isa = PBXFileReference; lastKnownFileType = sourcecode.swift; path = OpenCodeLogParserTests.swift; sourceTree = "<group>"; };
		EFCD7BA48B79CE99162BB7A5 /* AppCoordinator.swift */ = {isa = PBXFileReference; lastKnownFileType = sourcecode.swift; path = AppCoordinator.swift; sourceTree = "<group>"; };
		F506134FD22F7BB13B9BE497 /* OpenCodeGoQuotaClient.swift */ = {isa = PBXFileReference; lastKnownFileType = sourcecode.swift; path = OpenCodeGoQuotaClient.swift; sourceTree = "<group>"; };
		F5B7C7ACDA1D8E6F97737825 /* CyberpunkLabScene.swift */ = {isa = PBXFileReference; lastKnownFileType = sourcecode.swift; path = CyberpunkLabScene.swift; sourceTree = "<group>"; };
		F79B9631F3A2B78910DA9348 /* PetStateMachineTests.swift */ = {isa = PBXFileReference; lastKnownFileType = sourcecode.swift; path = PetStateMachineTests.swift; sourceTree = "<group>"; };
		F8D24223BCBA7E351F2CB768 /* ClaudeQuotaClientTests.swift */ = {isa = PBXFileReference; lastKnownFileType = sourcecode.swift; path = ClaudeQuotaClientTests.swift; sourceTree = "<group>"; };
		FB4DB44E1B953463E26A0C87 /* LoadoutTab.swift */ = {isa = PBXFileReference; lastKnownFileType = sourcecode.swift; path = LoadoutTab.swift; sourceTree = "<group>"; };
		FBB459746E7968D5048831CB /* UnderwaterScene.swift */ = {isa = PBXFileReference; lastKnownFileType = sourcecode.swift; path = UnderwaterScene.swift; sourceTree = "<group>"; };
		FE22542ED2A510E28DA6DA7C /* gemini_sample.json */ = {isa = PBXFileReference; lastKnownFileType = text.json; path = gemini_sample.json; sourceTree = "<group>"; };
		FFC47AF5D7354F040D7EAA76 /* ClaudeLogParserTests.swift */ = {isa = PBXFileReference; lastKnownFileType = sourcecode.swift; path = ClaudeLogParserTests.swift; sourceTree = "<group>"; };
/* End PBXFileReference section */

/* Begin PBXGroup section */
		123D7D72EA39FDFD365F0D24 /* FX */ = {
			isa = PBXGroup;
			children = (
				02B0619124319229B10DB484 /* FXModules.swift */,
			);
			name = FX;
			sourceTree = "<group>";
		};
		218963A4714621A4EA921665 /* UI */ = {
			isa = PBXGroup;
			children = (
				3B4E20C56B29053A38F4C8D0 /* CliCardView.swift */,
				4C8BF2517DCE7CEFB60114B3 /* HabitatView.swift */,
				E9B02CE8A603C370080E1C56 /* HookPermissionView.swift */,
				60297808408A5939E6D93BD2 /* PopoverView.swift */,
				75B17D2BEBB46E8651F7C8A8 /* QuotaBarView.swift */,
				BF5A76CD75700858B284AA0D /* Settings */,
			);
			path = UI;
			sourceTree = "<group>";
		};
		2535FE63CE93DBFB19C8B415 = {
			isa = PBXGroup;
			children = (
				D714730807C8BB8B72888008 /* PixelPets */,
				8292F4952EBEB0F967FD2D62 /* PixelPetsTests */,
				52BAF57A2675E460C41F06FB /* Products */,
			);
			sourceTree = "<group>";
		};
		52BAF57A2675E460C41F06FB /* Products */ = {
			isa = PBXGroup;
			children = (
				BB5FC658A7CAC3CD9205611B /* PixelPets.app */,
				5E565548CDE4528D76590E57 /* PixelPetsTests.xctest */,
			);
			name = Products;
			sourceTree = "<group>";
		};
		5CBEA6F9648F63FD78CF801C /* Resources */ = {
			isa = PBXGroup;
			children = (
				8449B8E9211D259512FAF7DE /* Fixtures */,
				8A9595D30C39B4F128AB2B5B /* hooks */,
				427D83A561C5233E212E56D1 /* Assets */,
			);
			path = Resources;
			sourceTree = "<group>";
		};
		6B088F6716F52147B827A396 /* Senses */ = {
			isa = PBXGroup;
			children = (
				6230AD37BAFDF6009C84B66D /* ClaudeLogParser.swift */,
				99C7006C828E56636FAA552E /* ClaudeQuotaClient.swift */,
				360DBA3F345693F7CCBFB7AA /* CodexLogParser.swift */,
				1CD3546F58A0D1360A238DC3 /* GeminiLogParser.swift */,
				92E3D65629E78F17CFEAC1B5 /* HookRegistrar.swift */,
				215E338061E37977B5F19E4C /* HookServer.swift */,
				C5DFC862F77574208340D87A /* NodeGate.swift */,
				F506134FD22F7BB13B9BE497 /* OpenCodeGoQuotaClient.swift */,
				9394436749431BF36A637FED /* OpenCodeLogParser.swift */,
				68CCCED7D669E8EA0A57A4B7 /* TokenBatch.swift */,
			);
			path = Senses;
			sourceTree = "<group>";
		};
		8292F4952EBEB0F967FD2D62 /* PixelPetsTests */ = {
			isa = PBXGroup;
			children = (
				524322FEDC96502C39BC210C /* AccessorySlotTests.swift */,
				C5FF5F498032037211B5C222 /* AnimationClockTests.swift */,
				8B9AFFE26EB9D5A1BFB00978 /* AppCoordinatorTests.swift */,
				FFC47AF5D7354F040D7EAA76 /* ClaudeLogParserTests.swift */,
				F8D24223BCBA7E351F2CB768 /* ClaudeQuotaClientTests.swift */,
				8EE22E86BDDAD381ADABEDF4 /* CodexLogParserTests.swift */,
				34A6FA8C940C21A855BDD013 /* EnabledCLIsFilterTests.swift */,
				45D0CBD32FB778AFE94DEA53 /* GeminiLogParserTests.swift */,
				E5585BE7221D4BD3F166CB3E /* GrowthEngineTests.swift */,
				E9A9DF6725902A5ECAB8C21C /* GrowthStoreTests.swift */,
				1D7F6A06364FC86944504B15 /* HookRegistrarTests.swift */,
				902053947864E8D75FE02CFB /* HookServerTests.swift */,
				3D41AA1ACC9646A8906B937F /* NodeGateTests.swift */,
				ED453D5895F1388444DDFB44 /* OpenCodeLogParserTests.swift */,
				F79B9631F3A2B78910DA9348 /* PetStateMachineTests.swift */,
				95A47238E0C0DA4C054623C9 /* SceneRegistryTests.swift */,
				61EBFE7714D1C3320134755B /* SettingsStoreTests.swift */,
			);
			path = PixelPetsTests;
			sourceTree = "<group>";
		};
		8449B8E9211D259512FAF7DE /* Fixtures */ = {
			isa = PBXGroup;
			children = (
				9CCC288550F94E3A3960E5A3 /* claude_sample.jsonl */,
				43E4787627A5AA5FD6306B1C /* codex_sample.jsonl */,
				FE22542ED2A510E28DA6DA7C /* gemini_sample.json */,
				34939660747858E47D81A896 /* opencode_sample.json */,
			);
			path = Fixtures;
			sourceTree = "<group>";
		};
		8A9595D30C39B4F128AB2B5B /* hooks */ = {
			isa = PBXGroup;
			children = (
				9F56DC065FAE03A663C8383E /* codex-hook.js */,
				CB85949D9BAB777DA9C22692 /* gemini-hook.js */,
				E9B4482F5071602C678D496E /* pixelpets-hook.js */,
			);
			path = hooks;
			sourceTree = "<group>";
		};
		94FC4D103188E1E0AC04F6B4 /* App */ = {
			isa = PBXGroup;
			children = (
				EFCD7BA48B79CE99162BB7A5 /* AppCoordinator.swift */,
				B4D228234AC373EA76E5C54E /* PixelPetsApp.swift */,
			);
			path = App;
			sourceTree = "<group>";
		};
		A120A2A98806D7B2BB6D61C9 /* Persistence */ = {
			isa = PBXGroup;
			children = (
				694A9609392B6FDBF6F795CD /* GrowthStore.swift */,
				46A43FD451CF7A4BE88EBD8C /* SettingsStore.swift */,
			);
			path = Persistence;
			sourceTree = "<group>";
		};
		A5067EA44016A2BEFDCB0DF9 /* Renderer */ = {
			isa = PBXGroup;
			children = (
				AC63BEA6AC09DEED79DC7523 /* AnimationClock.swift */,
				1E8DD5CC086B1FDEB0D4C11E /* BitBotV2FaceProvider.swift */,
				8DF70E01263FF371F30DD0F5 /* BitBotV2Renderer.swift */,
				4EE0EC6058E905C89792375F /* FaceProvider.swift */,
				B7EEFF2DA5DA38BCA2811AE0 /* HabitatScene.swift */,
				BE98564E5C6F47927461B3BB /* MenuBarIconRenderer.swift */,
				9276B97C5781060F8B436E4A /* PixelColor.swift */,
				B9C75A853EC9775B444B2AD9 /* Scenes */,
				888779C2D18C39C636AA0371 /* PetRenderer.swift */,
				8162BFBFAC6F397D720ECF7E /* HabitatRenderer.swift */,
				123D7D72EA39FDFD365F0D24 /* FX */,
			);
			path = Renderer;
			sourceTree = "<group>";
		};
		B9C75A853EC9775B444B2AD9 /* Scenes */ = {
			isa = PBXGroup;
			children = (
				F5B7C7ACDA1D8E6F97737825 /* CyberpunkLabScene.swift */,
				90061AD910EF29CA768D68F4 /* SciFiQuartersScene.swift */,
				6ADD1FCEA57D688F94D5126B /* SpaceStationScene.swift */,
				FBB459746E7968D5048831CB /* UnderwaterScene.swift */,
				9808A22A4B0F104DEA54D6BD /* GalaxyObservatoryScene.swift */,
			);
			path = Scenes;
			sourceTree = "<group>";
		};
		BF5A76CD75700858B284AA0D /* Settings */ = {
			isa = PBXGroup;
			children = (
				7C77F49A948472204AEFDF7E /* GameSettingsView.swift */,
				FB4DB44E1B953463E26A0C87 /* LoadoutTab.swift */,
				4491D293E3F6BA5DFEEEC2A4 /* MapTab.swift */,
				D11DBD5FB294FA4BE66E36A2 /* SysTab.swift */,
				93816F676209A8B72617BD27 /* UnitTab.swift */,
			);
			path = Settings;
			sourceTree = "<group>";
		};
		C026731DCF1F35203F029D8A /* Core */ = {
			isa = PBXGroup;
			children = (
				52E02B09537952D8CA58865A /* GrowthEngine.swift */,
				0A72F4F208D51F2DA034981F /* PetStateMachine.swift */,
				9CC0D6D6102F63EC9CD74390 /* AssetRegistry.swift */,
				530D6C4F6D0BFEE377B769A0 /* VisualStateReducer.swift */,
				75FA5D54AC250067F6F46DCB /* ManifestValidator.swift */,
			);
			path = Core;
			sourceTree = "<group>";
		};
		D2E4610F8181F6BBADC411D1 /* Models */ = {
			isa = PBXGroup;
			children = (
				99CE2F3CA0D291740976E7EA /* Accessory.swift */,
				B6B161320AB8F459F62F9F48 /* AgentSkin.swift */,
				683C1BB6357F9C9CD9E0C516 /* PetState.swift */,
				B52CBD94E5910ED06A425C3C /* PetViewModel.swift */,
				27FA3634ADF305BDF917BF6B /* QuotaTier.swift */,
				B135BD52FFCDB08D95BB636D /* AssetModels.swift */,
				3E6351328D8C8825F75DB027 /* VisualState.swift */,
				ABAE73F7F5DCD857D883A8E3 /* SystemEvent.swift */,
			);
			path = Models;
			sourceTree = "<group>";
		};
		D714730807C8BB8B72888008 /* PixelPets */ = {
			isa = PBXGroup;
			children = (
				5374C17A55C4816597BD775D /* Info.plist */,
				94FC4D103188E1E0AC04F6B4 /* App */,
				C026731DCF1F35203F029D8A /* Core */,
				D2E4610F8181F6BBADC411D1 /* Models */,
				A120A2A98806D7B2BB6D61C9 /* Persistence */,
				A5067EA44016A2BEFDCB0DF9 /* Renderer */,
				5CBEA6F9648F63FD78CF801C /* Resources */,
				6B088F6716F52147B827A396 /* Senses */,
				218963A4714621A4EA921665 /* UI */,
			);
			path = PixelPets;
			sourceTree = "<group>";
		};
/* End PBXGroup section */

/* Begin PBXNativeTarget section */
		418171680B185A9A6DCDD91B /* PixelPetsTests */ = {
			isa = PBXNativeTarget;
			buildConfigurationList = 559E9DFCCC5D7814DCA70FAB /* Build configuration list for PBXNativeTarget "PixelPetsTests" */;
			buildPhases = (
				F8A859AB40C3062B0FC1C0B5 /* Sources */,
				620DEC02DC7AB72FA23E7D59 /* Resources */,
			);
			buildRules = (
			);
			dependencies = (
				5E267D52E18C603AA5B42F80 /* PBXTargetDependency */,
			);
			name = PixelPetsTests;
			productName = PixelPetsTests;
			productReference = 5E565548CDE4528D76590E57 /* PixelPetsTests.xctest */;
			productType = "com.apple.product-type.bundle.unit-test";
		};
		978FDD4665EC6BCDFA2AB1CA /* PixelPets */ = {
			isa = PBXNativeTarget;
			buildConfigurationList = 6CA44515DE4083EBEFEAC588 /* Build configuration list for PBXNativeTarget "PixelPets" */;
			buildPhases = (
				AED7F8FB9E7AA9DD7B227CE8 /* Sources */,
				F01FA679A5B39BD11300D51B /* Resources */,
			);
			buildRules = (
			);
			dependencies = (
			);
			name = PixelPets;
			productName = PixelPets;
			productReference = BB5FC658A7CAC3CD9205611B /* PixelPets.app */;
			productType = "com.apple.product-type.application";
		};
/* End PBXNativeTarget section */

/* Begin PBXProject section */
		044E52543CCA691D33EB3650 /* Project object */ = {
			isa = PBXProject;
			attributes = {
				BuildIndependentTargetsInParallel = YES;
				LastUpgradeCheck = 1430;
				TargetAttributes = {
				};
			};
			buildConfigurationList = 588B8584B5E066CA1FF61589 /* Build configuration list for PBXProject "PixelPets" */;
			developmentRegion = en;
			hasScannedForEncodings = 0;
			knownRegions = (
				Base,
				en,
			);
			mainGroup = 2535FE63CE93DBFB19C8B415;
			minimizedProjectReferenceProxies = 1;
			preferredProjectObjectVersion = 77;
			productRefGroup = 52BAF57A2675E460C41F06FB /* Products */;
			projectDirPath = "";
			projectRoot = "";
			targets = (
				978FDD4665EC6BCDFA2AB1CA /* PixelPets */,
				418171680B185A9A6DCDD91B /* PixelPetsTests */,
			);
		};
/* End PBXProject section */

/* Begin PBXResourcesBuildPhase section */
		620DEC02DC7AB72FA23E7D59 /* Resources */ = {
			isa = PBXResourcesBuildPhase;
			buildActionMask = 2147483647;
			files = (
				B262D5655FECE5FBC8DCFE42 /* claude_sample.jsonl in Resources */,
				FAD36F908B01738A66189F55 /* codex_sample.jsonl in Resources */,
				8A264527F73DA7F2C5D35AF3 /* gemini_sample.json in Resources */,
				A28DC8662EDDF29DBAF20069 /* opencode_sample.json in Resources */,
			);
			runOnlyForDeploymentPostprocessing = 0;
		};
		F01FA679A5B39BD11300D51B /* Resources */ = {
			isa = PBXResourcesBuildPhase;
			buildActionMask = 2147483647;
			files = (
				E47E29F5AF119F6055E983CD /* claude_sample.jsonl in Resources */,
				B5B14046A8EFD2856BE8D446 /* codex-hook.js in Resources */,
				5F7D433973146C5AE5674233 /* codex_sample.jsonl in Resources */,
				7EC3EBE2B508352497F79092 /* gemini-hook.js in Resources */,
				1C032DEA17F7EDAA7D5349F3 /* gemini_sample.json in Resources */,
				0A47824554C1429037C478C9 /* opencode_sample.json in Resources */,
				38BD0015059AC48A6FD38792 /* pixelpets-hook.js in Resources */,
				BC2B071DF2D1A5C092EB4D00 /* Assets in Resources */,
				F8B8897D5414AA737BF8FEBE /* Assets in Resources */,
			);
			runOnlyForDeploymentPostprocessing = 0;
		};
/* End PBXResourcesBuildPhase section */

/* Begin PBXSourcesBuildPhase section */
		AED7F8FB9E7AA9DD7B227CE8 /* Sources */ = {
			isa = PBXSourcesBuildPhase;
			buildActionMask = 2147483647;
			files = (
				241F67C9A786BACDFC92C2D4 /* Accessory.swift in Sources */,
				330EC8D06DCF268C659420A2 /* AgentSkin.swift in Sources */,
				96BC6DEF1CBD42BED6FDBB31 /* AnimationClock.swift in Sources */,
				0BC34BC4E842A035E286AC38 /* AppCoordinator.swift in Sources */,
				3F00AB7AC7A60B40AAA98D5D /* BitBotV2FaceProvider.swift in Sources */,
				CC88A2B37E5D3E472CFB7DA5 /* BitBotV2Renderer.swift in Sources */,
				2149B8F6DD9541BF2E0CE5A5 /* ClaudeLogParser.swift in Sources */,
				AD0872A911ED8766A7492B29 /* ClaudeQuotaClient.swift in Sources */,
				2A2317D0F005270C335D3798 /* CliCardView.swift in Sources */,
				776B90A5D7870C311722EFF8 /* CodexLogParser.swift in Sources */,
				56CFA5EE01D3CF64A550CEC9 /* CyberpunkLabScene.swift in Sources */,
				BC366626C0D435185948FD29 /* FaceProvider.swift in Sources */,
				67408F393CF1F241A056E447 /* GameSettingsView.swift in Sources */,
				B1137381FF565B4109F3BE72 /* GeminiLogParser.swift in Sources */,
				09E5FF860E3846F111F29D64 /* GrowthEngine.swift in Sources */,
				09513F16A1C36B664B105F4D /* GrowthStore.swift in Sources */,
				3CB81B022879D759D093B98E /* HabitatScene.swift in Sources */,
				BA99E9516BC24CE665F0F641 /* HabitatView.swift in Sources */,
				2B81DC330F8FE5701A2C1F3D /* HookPermissionView.swift in Sources */,
				8103C05BDDDCA7E14979FFD7 /* HookRegistrar.swift in Sources */,
				BC1211A5AC91155F76A86345 /* HookServer.swift in Sources */,
				4EED8D9ABB2C68C7D053BE62 /* LoadoutTab.swift in Sources */,
				16EA9521CDA030620DE6A419 /* MapTab.swift in Sources */,
				D8B01589C118BB45803F5FA3 /* MenuBarIconRenderer.swift in Sources */,
				BDB688527872D702C345F81D /* NodeGate.swift in Sources */,
				78D6B796229BC8CE9CCE25B1 /* OpenCodeGoQuotaClient.swift in Sources */,
				66039CAF4D24E45AFAD241F6 /* OpenCodeLogParser.swift in Sources */,
				8A6F7E9249AB47A9B37BB11C /* PetState.swift in Sources */,
				461BB31732DAD92254531F33 /* PetStateMachine.swift in Sources */,
				0D6F974A6A68C8255CE17D2A /* PetViewModel.swift in Sources */,
				8AACAAC62F8149551BE9D596 /* PixelColor.swift in Sources */,
				DACE0CA30AABD07B5497FBAF /* PixelPetsApp.swift in Sources */,
				31C5C8CEAECB30D7E951C812 /* PopoverView.swift in Sources */,
				C27119513A6AEF92DC1BB180 /* QuotaBarView.swift in Sources */,
				210579FE34D21A6E145BDB75 /* QuotaTier.swift in Sources */,
				4F9D695DFFE0DF0F2BC37A1D /* SciFiQuartersScene.swift in Sources */,
				905F301E04A93DDFA4B47B29 /* SettingsStore.swift in Sources */,
				C57516B8AF4E3C9438DA9264 /* SpaceStationScene.swift in Sources */,
				2C4870A406DE2E3C7E4E1528 /* SysTab.swift in Sources */,
				E445E70C800B484C2EBD1EAF /* TokenBatch.swift in Sources */,
				31D3D0833FEE73E24684A1BC /* UnderwaterScene.swift in Sources */,
				CAB8B886E33493A8717256B0 /* UnitTab.swift in Sources */,
				FAC75BF2C50D8290E2AD26C9 /* AssetModels.swift in Sources */,
				66083BAFD5E9226509648B89 /* VisualState.swift in Sources */,
				E357C6E529165DEE6B8DDF22 /* PetRenderer.swift in Sources */,
				E6676DDEB701A3B308025398 /* HabitatRenderer.swift in Sources */,
				8FE3FA6E864BDD0682052E97 /* AssetRegistry.swift in Sources */,
				2ED4924BFC5526A6A5250E83 /* GalaxyObservatoryScene.swift in Sources */,
				362E6CC4C5EF13143DDFBE5E /* SystemEvent.swift in Sources */,
				C69B5DCFFA3C085031E1EA3E /* VisualStateReducer.swift in Sources */,
				A4B4591701321FF657CF855E /* ManifestValidator.swift in Sources */,
				0D1478BD9887EA09B7437EDA /* FXModules.swift in Sources */,
			);
			runOnlyForDeploymentPostprocessing = 0;
		};
		F8A859AB40C3062B0FC1C0B5 /* Sources */ = {
			isa = PBXSourcesBuildPhase;
			buildActionMask = 2147483647;
			files = (
				C29BF54B3853312815EA2616 /* AccessorySlotTests.swift in Sources */,
				33E804004A0614559589C180 /* AnimationClockTests.swift in Sources */,
				C74BC198CDC94ACA6DB7191E /* AppCoordinatorTests.swift in Sources */,
				5CA68D8D7383B681F9B90F71 /* ClaudeLogParserTests.swift in Sources */,
				E80B86BFD06D585D2E4FDDEA /* ClaudeQuotaClientTests.swift in Sources */,
				3A1349CB2AF4BF3BA081A6B5 /* CodexLogParserTests.swift in Sources */,
				88BAB168E89E08DCBED3B6DB /* EnabledCLIsFilterTests.swift in Sources */,
				E1387ED2C7775C1E728CD015 /* GeminiLogParserTests.swift in Sources */,
				DA7B8F8212627EC4E56FDCC8 /* GrowthEngineTests.swift in Sources */,
				6086C0743523B0F6A28BC8C0 /* GrowthStoreTests.swift in Sources */,
				8AA227BCB4EAB6ABB811B135 /* HookRegistrarTests.swift in Sources */,
				F2C2C632A8CF32BF61019AC8 /* HookServerTests.swift in Sources */,
				3E374B35CE5998C2B889B8D0 /* NodeGateTests.swift in Sources */,
				C7F6F0B14EA6901E2E50E89B /* OpenCodeLogParserTests.swift in Sources */,
				6C3E6C0F0A27962E3D82489C /* PetStateMachineTests.swift in Sources */,
				407BBD34F90B5EB23C293446 /* SceneRegistryTests.swift in Sources */,
				9529F0562B69CF5D49F8D038 /* SettingsStoreTests.swift in Sources */,
			);
			runOnlyForDeploymentPostprocessing = 0;
		};
/* End PBXSourcesBuildPhase section */

/* Begin PBXTargetDependency section */
		5E267D52E18C603AA5B42F80 /* PBXTargetDependency */ = {
			isa = PBXTargetDependency;
			target = 978FDD4665EC6BCDFA2AB1CA /* PixelPets */;
			targetProxy = 7352C8FFD8427764608A0D51 /* PBXContainerItemProxy */;
		};
/* End PBXTargetDependency section */

/* Begin XCBuildConfiguration section */
		714447D9B81671D3D4DB28E4 /* Debug */ = {
			isa = XCBuildConfiguration;
			buildSettings = {
				BUNDLE_LOADER = "$(TEST_HOST)";
				COMBINE_HIDPI_IMAGES = YES;
				GENERATE_INFOPLIST_FILE = YES;
				LD_RUNPATH_SEARCH_PATHS = (
					"$(inherited)",
					"@executable_path/../Frameworks",
					"@loader_path/../Frameworks",
				);
				MACOSX_DEPLOYMENT_TARGET = 26.0;
				PRODUCT_BUNDLE_IDENTIFIER = com.pixelpets.app.tests;
				SDKROOT = macosx;
				SWIFT_VERSION = 5.9;
				TEST_HOST = "$(BUILT_PRODUCTS_DIR)/PixelPets.app/Contents/MacOS/PixelPets";
			};
			name = Debug;
		};
		848CFFEADE2480DD54785876 /* Debug */ = {
			isa = XCBuildConfiguration;
			buildSettings = {
				ALWAYS_SEARCH_USER_PATHS = NO;
				CLANG_ANALYZER_NONNULL = YES;
				CLANG_ANALYZER_NUMBER_OBJECT_CONVERSION = YES_AGGRESSIVE;
				CLANG_CXX_LANGUAGE_STANDARD = "gnu++14";
				CLANG_CXX_LIBRARY = "libc++";
				CLANG_ENABLE_MODULES = YES;
				CLANG_ENABLE_OBJC_ARC = YES;
				CLANG_ENABLE_OBJC_WEAK = YES;
				CLANG_WARN_BLOCK_CAPTURE_AUTORELEASING = YES;
				CLANG_WARN_BOOL_CONVERSION = YES;
				CLANG_WARN_COMMA = YES;
				CLANG_WARN_CONSTANT_CONVERSION = YES;
				CLANG_WARN_DEPRECATED_OBJC_IMPLEMENTATIONS = YES;
				CLANG_WARN_DIRECT_OBJC_ISA_USAGE = YES_ERROR;
				CLANG_WARN_DOCUMENTATION_COMMENTS = YES;
				CLANG_WARN_EMPTY_BODY = YES;
				CLANG_WARN_ENUM_CONVERSION = YES;
				CLANG_WARN_INFINITE_RECURSION = YES;
				CLANG_WARN_INT_CONVERSION = YES;
				CLANG_WARN_NON_LITERAL_NULL_CONVERSION = YES;
				CLANG_WARN_OBJC_IMPLICIT_RETAIN_SELF = YES;
				CLANG_WARN_OBJC_LITERAL_CONVERSION = YES;
				CLANG_WARN_OBJC_ROOT_CLASS = YES_ERROR;
				CLANG_WARN_QUOTED_INCLUDE_IN_FRAMEWORK_HEADER = YES;
				CLANG_WARN_RANGE_LOOP_ANALYSIS = YES;
				CLANG_WARN_STRICT_PROTOTYPES = YES;
				CLANG_WARN_SUSPICIOUS_MOVE = YES;
				CLANG_WARN_UNGUARDED_AVAILABILITY = YES_AGGRESSIVE;
				CLANG_WARN_UNREACHABLE_CODE = YES;
				CLANG_WARN__DUPLICATE_METHOD_MATCH = YES;
				COPY_PHASE_STRIP = NO;
				DEBUG_INFORMATION_FORMAT = dwarf;
				ENABLE_STRICT_OBJC_MSGSEND = YES;
				ENABLE_TESTABILITY = YES;
				GCC_C_LANGUAGE_STANDARD = gnu11;
				GCC_DYNAMIC_NO_PIC = NO;
				GCC_NO_COMMON_BLOCKS = YES;
				GCC_OPTIMIZATION_LEVEL = 0;
				GCC_PREPROCESSOR_DEFINITIONS = (
					"$(inherited)",
					"DEBUG=1",
				);
				GCC_WARN_64_TO_32_BIT_CONVERSION = YES;
				GCC_WARN_ABOUT_RETURN_TYPE = YES_ERROR;
				GCC_WARN_UNDECLARED_SELECTOR = YES;
				GCC_WARN_UNINITIALIZED_AUTOS = YES_AGGRESSIVE;
				GCC_WARN_UNUSED_FUNCTION = YES;
				GCC_WARN_UNUSED_VARIABLE = YES;
				MTL_ENABLE_DEBUG_INFO = INCLUDE_SOURCE;
				MTL_FAST_MATH = YES;
				ONLY_ACTIVE_ARCH = YES;
				PRODUCT_NAME = "$(TARGET_NAME)";
				SDKROOT = macosx;
				SWIFT_ACTIVE_COMPILATION_CONDITIONS = DEBUG;
				SWIFT_OPTIMIZATION_LEVEL = "-Onone";
				SWIFT_VERSION = 5.0;
			};
			name = Debug;
		};
		868E2D5882F8FDD2A36583F2 /* Release */ = {
			isa = XCBuildConfiguration;
			buildSettings = {
				BUNDLE_LOADER = "$(TEST_HOST)";
				COMBINE_HIDPI_IMAGES = YES;
				GENERATE_INFOPLIST_FILE = YES;
				LD_RUNPATH_SEARCH_PATHS = (
					"$(inherited)",
					"@executable_path/../Frameworks",
					"@loader_path/../Frameworks",
				);
				MACOSX_DEPLOYMENT_TARGET = 26.0;
				PRODUCT_BUNDLE_IDENTIFIER = com.pixelpets.app.tests;
				SDKROOT = macosx;
				SWIFT_VERSION = 5.9;
				TEST_HOST = "$(BUILT_PRODUCTS_DIR)/PixelPets.app/Contents/MacOS/PixelPets";
			};
			name = Release;
		};
		87F2E023B4F54BA12E15BBFA /* Debug */ = {
			isa = XCBuildConfiguration;
			buildSettings = {
				ASSETCATALOG_COMPILER_APPICON_NAME = AppIcon;
				COMBINE_HIDPI_IMAGES = YES;
				INFOPLIST_FILE = PixelPets/Info.plist;
				LD_RUNPATH_SEARCH_PATHS = (
					"$(inherited)",
					"@executable_path/../Frameworks",
				);
				MACOSX_DEPLOYMENT_TARGET = 26.0;
				PRODUCT_BUNDLE_IDENTIFIER = com.pixelpets.app;
				SDKROOT = macosx;
				SWIFT_VERSION = 5.9;
			};
			name = Debug;
		};
		DBA75A428ADB869ADEF15FED /* Release */ = {
			isa = XCBuildConfiguration;
			buildSettings = {
				ASSETCATALOG_COMPILER_APPICON_NAME = AppIcon;
				COMBINE_HIDPI_IMAGES = YES;
				INFOPLIST_FILE = PixelPets/Info.plist;
				LD_RUNPATH_SEARCH_PATHS = (
					"$(inherited)",
					"@executable_path/../Frameworks",
				);
				MACOSX_DEPLOYMENT_TARGET = 26.0;
				PRODUCT_BUNDLE_IDENTIFIER = com.pixelpets.app;
				SDKROOT = macosx;
				SWIFT_VERSION = 5.9;
			};
			name = Release;
		};
		F7F8CF7C46B018D25EE97164 /* Release */ = {
			isa = XCBuildConfiguration;
			buildSettings = {
				ALWAYS_SEARCH_USER_PATHS = NO;
				CLANG_ANALYZER_NONNULL = YES;
				CLANG_ANALYZER_NUMBER_OBJECT_CONVERSION = YES_AGGRESSIVE;
				CLANG_CXX_LANGUAGE_STANDARD = "gnu++14";
				CLANG_CXX_LIBRARY = "libc++";
				CLANG_ENABLE_MODULES = YES;
				CLANG_ENABLE_OBJC_ARC = YES;
				CLANG_ENABLE_OBJC_WEAK = YES;
				CLANG_WARN_BLOCK_CAPTURE_AUTORELEASING = YES;
				CLANG_WARN_BOOL_CONVERSION = YES;
				CLANG_WARN_COMMA = YES;
				CLANG_WARN_CONSTANT_CONVERSION = YES;
				CLANG_WARN_DEPRECATED_OBJC_IMPLEMENTATIONS = YES;
				CLANG_WARN_DIRECT_OBJC_ISA_USAGE = YES_ERROR;
				CLANG_WARN_DOCUMENTATION_COMMENTS = YES;
				CLANG_WARN_EMPTY_BODY = YES;
				CLANG_WARN_ENUM_CONVERSION = YES;
				CLANG_WARN_INFINITE_RECURSION = YES;
				CLANG_WARN_INT_CONVERSION = YES;
				CLANG_WARN_NON_LITERAL_NULL_CONVERSION = YES;
				CLANG_WARN_OBJC_IMPLICIT_RETAIN_SELF = YES;
				CLANG_WARN_OBJC_LITERAL_CONVERSION = YES;
				CLANG_WARN_OBJC_ROOT_CLASS = YES_ERROR;
				CLANG_WARN_QUOTED_INCLUDE_IN_FRAMEWORK_HEADER = YES;
				CLANG_WARN_RANGE_LOOP_ANALYSIS = YES;
				CLANG_WARN_STRICT_PROTOTYPES = YES;
				CLANG_WARN_SUSPICIOUS_MOVE = YES;
				CLANG_WARN_UNGUARDED_AVAILABILITY = YES_AGGRESSIVE;
				CLANG_WARN_UNREACHABLE_CODE = YES;
				CLANG_WARN__DUPLICATE_METHOD_MATCH = YES;
				COPY_PHASE_STRIP = NO;
				DEBUG_INFORMATION_FORMAT = "dwarf-with-dsym";
				ENABLE_NS_ASSERTIONS = NO;
				ENABLE_STRICT_OBJC_MSGSEND = YES;
				GCC_C_LANGUAGE_STANDARD = gnu11;
				GCC_NO_COMMON_BLOCKS = YES;
				GCC_WARN_64_TO_32_BIT_CONVERSION = YES;
				GCC_WARN_ABOUT_RETURN_TYPE = YES_ERROR;
				GCC_WARN_UNDECLARED_SELECTOR = YES;
				GCC_WARN_UNINITIALIZED_AUTOS = YES_AGGRESSIVE;
				GCC_WARN_UNUSED_FUNCTION = YES;
				GCC_WARN_UNUSED_VARIABLE = YES;
				MTL_ENABLE_DEBUG_INFO = NO;
				MTL_FAST_MATH = YES;
				PRODUCT_NAME = "$(TARGET_NAME)";
				SDKROOT = macosx;
				SWIFT_COMPILATION_MODE = wholemodule;
				SWIFT_OPTIMIZATION_LEVEL = "-O";
				SWIFT_VERSION = 5.0;
			};
			name = Release;
		};
/* End XCBuildConfiguration section */

/* Begin XCConfigurationList section */
		559E9DFCCC5D7814DCA70FAB /* Build configuration list for PBXNativeTarget "PixelPetsTests" */ = {
			isa = XCConfigurationList;
			buildConfigurations = (
				714447D9B81671D3D4DB28E4 /* Debug */,
				868E2D5882F8FDD2A36583F2 /* Release */,
			);
			defaultConfigurationIsVisible = 0;
			defaultConfigurationName = Debug;
		};
		588B8584B5E066CA1FF61589 /* Build configuration list for PBXProject "PixelPets" */ = {
			isa = XCConfigurationList;
			buildConfigurations = (
				848CFFEADE2480DD54785876 /* Debug */,
				F7F8CF7C46B018D25EE97164 /* Release */,
			);
			defaultConfigurationIsVisible = 0;
			defaultConfigurationName = Debug;
		};
		6CA44515DE4083EBEFEAC588 /* Build configuration list for PBXNativeTarget "PixelPets" */ = {
			isa = XCConfigurationList;
			buildConfigurations = (
				87F2E023B4F54BA12E15BBFA /* Debug */,
				DBA75A428ADB869ADEF15FED /* Release */,
			);
			defaultConfigurationIsVisible = 0;
			defaultConfigurationName = Debug;
		};
/* End XCConfigurationList section */
	};
	rootObject = 044E52543CCA691D33EB3650 /* Project object */;
}
