// !$*UTF8*$!
{
	archiveVersion = 1;
	classes = {
	};
	objectVersion = 77;
	objects = {

/* Begin PBXBuildFile section */
		0A47824554C1429037C478C9 /* opencode_sample.json in Resources */ = {isa = PBXBuildFile; fileRef = 34939660747858E47D81A896 /* opencode_sample.json */; };
		0D6F974A6A68C8255CE17D2A /* PetViewModel.swift in Sources */ = {isa = PBXBuildFile; fileRef = B52CBD94E5910ED06A425C3C /* PetViewModel.swift */; };
		1C032DEA17F7EDAA7D5349F3 /* gemini_sample.json in Resources */ = {isa = PBXBuildFile; fileRef = FE22542ED2A510E28DA6DA7C /* gemini_sample.json */; };
		210579FE34D21A6E145BDB75 /* QuotaTier.swift in Sources */ = {isa = PBXBuildFile; fileRef = 27FA3634ADF305BDF917BF6B /* QuotaTier.swift */; };
		241F67C9A786BACDFC92C2D4 /* Accessory.swift in Sources */ = {isa = PBXBuildFile; fileRef = 99CE2F3CA0D291740976E7EA /* Accessory.swift */; };
		2A2317D0F005270C335D3798 /* CliCardView.swift in Sources */ = {isa = PBXBuildFile; fileRef = 3B4E20C56B29053A38F4C8D0 /* CliCardView.swift */; };
		2B81DC330F8FE5701A2C1F3D /* HookPermissionView.swift in Sources */ = {isa = PBXBuildFile; fileRef = E9B02CE8A603C370080E1C56 /* HookPermissionView.swift */; };
		31C5C8CEAECB30D7E951C812 /* PopoverView.swift in Sources */ = {isa = PBXBuildFile; fileRef = 60297808408A5939E6D93BD2 /* PopoverView.swift */; };
		330EC8D06DCF268C659420A2 /* AgentSkin.swift in Sources */ = {isa = PBXBuildFile; fileRef = B6B161320AB8F459F62F9F48 /* AgentSkin.swift */; };
		38BD0015059AC48A6FD38792 /* pixelpets-hook.js in Resources */ = {isa = PBXBuildFile; fileRef = E9B4482F5071602C678D496E /* pixelpets-hook.js */; };
		3E374B35CE5998C2B889B8D0 /* NodeGateTests.swift in Sources */ = {isa = PBXBuildFile; fileRef = 3D41AA1ACC9646A8906B937F /* NodeGateTests.swift */; };
		3E672EF39084377602CD91B2 /* PetDisplayView.swift in Sources */ = {isa = PBXBuildFile; fileRef = 007D866F945B461BCF4EA67E /* PetDisplayView.swift */; };
		461BB31732DAD92254531F33 /* PetStateMachine.swift in Sources */ = {isa = PBXBuildFile; fileRef = 0A72F4F208D51F2DA034981F /* PetStateMachine.swift */; };
		5F7D433973146C5AE5674233 /* codex_sample.jsonl in Resources */ = {isa = PBXBuildFile; fileRef = 43E4787627A5AA5FD6306B1C /* codex_sample.jsonl */; };
		6C3E6C0F0A27962E3D82489C /* PetStateMachineTests.swift in Sources */ = {isa = PBXBuildFile; fileRef = F79B9631F3A2B78910DA9348 /* PetStateMachineTests.swift */; };
		7EC3EBE2B508352497F79092 /* gemini-hook.js in Resources */ = {isa = PBXBuildFile; fileRef = CB85949D9BAB777DA9C22692 /* gemini-hook.js */; };
		8103C05BDDDCA7E14979FFD7 /* HookRegistrar.swift in Sources */ = {isa = PBXBuildFile; fileRef = 92E3D65629E78F17CFEAC1B5 /* HookRegistrar.swift */; };
		8A6F7E9249AB47A9B37BB11C /* PetState.swift in Sources */ = {isa = PBXBuildFile; fileRef = 683C1BB6357F9C9CD9E0C516 /* PetState.swift */; };
		8AA227BCB4EAB6ABB811B135 /* HookRegistrarTests.swift in Sources */ = {isa = PBXBuildFile; fileRef = 1D7F6A06364FC86944504B15 /* HookRegistrarTests.swift */; };
		8AACAAC62F8149551BE9D596 /* PixelColor.swift in Sources */ = {isa = PBXBuildFile; fileRef = 9276B97C5781060F8B436E4A /* PixelColor.swift */; };
		96BC6DEF1CBD42BED6FDBB31 /* AnimationClock.swift in Sources */ = {isa = PBXBuildFile; fileRef = AC63BEA6AC09DEED79DC7523 /* AnimationClock.swift */; };
		AB3685DB978DF56AD2A655E6 /* BitBotRenderer.swift in Sources */ = {isa = PBXBuildFile; fileRef = 5F4A3B84E2090C0CF1386DF2 /* BitBotRenderer.swift */; };
		B5B14046A8EFD2856BE8D446 /* codex-hook.js in Resources */ = {isa = PBXBuildFile; fileRef = 9F56DC065FAE03A663C8383E /* codex-hook.js */; };
		BC1211A5AC91155F76A86345 /* HookServer.swift in Sources */ = {isa = PBXBuildFile; fileRef = 215E338061E37977B5F19E4C /* HookServer.swift */; };
		BC366626C0D435185948FD29 /* FaceProvider.swift in Sources */ = {isa = PBXBuildFile; fileRef = 4EE0EC6058E905C89792375F /* FaceProvider.swift */; };
		BDB688527872D702C345F81D /* NodeGate.swift in Sources */ = {isa = PBXBuildFile; fileRef = C5DFC862F77574208340D87A /* NodeGate.swift */; };
		C27119513A6AEF92DC1BB180 /* QuotaBarView.swift in Sources */ = {isa = PBXBuildFile; fileRef = 75B17D2BEBB46E8651F7C8A8 /* QuotaBarView.swift */; };
		DACE0CA30AABD07B5497FBAF /* PixelPetsApp.swift in Sources */ = {isa = PBXBuildFile; fileRef = B4D228234AC373EA76E5C54E /* PixelPetsApp.swift */; };
		E47E29F5AF119F6055E983CD /* claude_sample.jsonl in Resources */ = {isa = PBXBuildFile; fileRef = 9CCC288550F94E3A3960E5A3 /* claude_sample.jsonl */; };
		F2C2C632A8CF32BF61019AC8 /* HookServerTests.swift in Sources */ = {isa = PBXBuildFile; fileRef = 902053947864E8D75FE02CFB /* HookServerTests.swift */; };
/* End PBXBuildFile section */

/* Begin PBXContainerItemProxy section */
		7352C8FFD8427764608A0D51 /* PBXContainerItemProxy */ = {
			isa = PBXContainerItemProxy;
			containerPortal = 044E52543CCA691D33EB3650 /* Project object */;
			proxyType = 1;
			remoteGlobalIDString = 978FDD4665EC6BCDFA2AB1CA;
			remoteInfo = PixelPets;
		};
/* End PBXContainerItemProxy section */

/* Begin PBXFileReference section */
		007D866F945B461BCF4EA67E /* PetDisplayView.swift */ = {isa = PBXFileReference; lastKnownFileType = sourcecode.swift; path = PetDisplayView.swift; sourceTree = "<group>"; };
		0A72F4F208D51F2DA034981F /* PetStateMachine.swift */ = {isa = PBXFileReference; lastKnownFileType = sourcecode.swift; path = PetStateMachine.swift; sourceTree = "<group>"; };
		1D7F6A06364FC86944504B15 /* HookRegistrarTests.swift */ = {isa = PBXFileReference; lastKnownFileType = sourcecode.swift; path = HookRegistrarTests.swift; sourceTree = "<group>"; };
		215E338061E37977B5F19E4C /* HookServer.swift */ = {isa = PBXFileReference; lastKnownFileType = sourcecode.swift; path = HookServer.swift; sourceTree = "<group>"; };
		27FA3634ADF305BDF917BF6B /* QuotaTier.swift */ = {isa = PBXFileReference; lastKnownFileType = sourcecode.swift; path = QuotaTier.swift; sourceTree = "<group>"; };
		34939660747858E47D81A896 /* opencode_sample.json */ = {isa = PBXFileReference; lastKnownFileType = text.json; path = opencode_sample.json; sourceTree = "<group>"; };
		3B4E20C56B29053A38F4C8D0 /* CliCardView.swift */ = {isa = PBXFileReference; lastKnownFileType = sourcecode.swift; path = CliCardView.swift; sourceTree = "<group>"; };
		3D41AA1ACC9646A8906B937F /* NodeGateTests.swift */ = {isa = PBXFileReference; lastKnownFileType = sourcecode.swift; path = NodeGateTests.swift; sourceTree = "<group>"; };
		43E4787627A5AA5FD6306B1C /* codex_sample.jsonl */ = {isa = PBXFileReference; path = codex_sample.jsonl; sourceTree = "<group>"; };
		4EE0EC6058E905C89792375F /* FaceProvider.swift */ = {isa = PBXFileReference; lastKnownFileType = sourcecode.swift; path = FaceProvider.swift; sourceTree = "<group>"; };
		5374C17A55C4816597BD775D /* Info.plist */ = {isa = PBXFileReference; lastKnownFileType = text.plist; path = Info.plist; sourceTree = "<group>"; };
		5E565548CDE4528D76590E57 /* PixelPetsTests.xctest */ = {isa = PBXFileReference; explicitFileType = wrapper.cfbundle; includeInIndex = 0; path = PixelPetsTests.xctest; sourceTree = BUILT_PRODUCTS_DIR; };
		5F4A3B84E2090C0CF1386DF2 /* BitBotRenderer.swift */ = {isa = PBXFileReference; lastKnownFileType = sourcecode.swift; path = BitBotRenderer.swift; sourceTree = "<group>"; };
		60297808408A5939E6D93BD2 /* PopoverView.swift */ = {isa = PBXFileReference; lastKnownFileType = sourcecode.swift; path = PopoverView.swift; sourceTree = "<group>"; };
		683C1BB6357F9C9CD9E0C516 /* PetState.swift */ = {isa = PBXFileReference; lastKnownFileType = sourcecode.swift; path = PetState.swift; sourceTree = "<group>"; };
		75B17D2BEBB46E8651F7C8A8 /* QuotaBarView.swift */ = {isa = PBXFileReference; lastKnownFileType = sourcecode.swift; path = QuotaBarView.swift; sourceTree = "<group>"; };
		902053947864E8D75FE02CFB /* HookServerTests.swift */ = {isa = PBXFileReference; lastKnownFileType = sourcecode.swift; path = HookServerTests.swift; sourceTree = "<group>"; };
		9276B97C5781060F8B436E4A /* PixelColor.swift */ = {isa = PBXFileReference; lastKnownFileType = sourcecode.swift; path = PixelColor.swift; sourceTree = "<group>"; };
		92E3D65629E78F17CFEAC1B5 /* HookRegistrar.swift */ = {isa = PBXFileReference; lastKnownFileType = sourcecode.swift; path = HookRegistrar.swift; sourceTree = "<group>"; };
		99CE2F3CA0D291740976E7EA /* Accessory.swift */ = {isa = PBXFileReference; lastKnownFileType = sourcecode.swift; path = Accessory.swift; sourceTree = "<group>"; };
		9CCC288550F94E3A3960E5A3 /* claude_sample.jsonl */ = {isa = PBXFileReference; path = claude_sample.jsonl; sourceTree = "<group>"; };
		9F56DC065FAE03A663C8383E /* codex-hook.js */ = {isa = PBXFileReference; lastKnownFileType = sourcecode.javascript; path = "codex-hook.js"; sourceTree = "<group>"; };
		AC63BEA6AC09DEED79DC7523 /* AnimationClock.swift */ = {isa = PBXFileReference; lastKnownFileType = sourcecode.swift; path = AnimationClock.swift; sourceTree = "<group>"; };
		B4D228234AC373EA76E5C54E /* PixelPetsApp.swift */ = {isa = PBXFileReference; lastKnownFileType = sourcecode.swift; path = PixelPetsApp.swift; sourceTree = "<group>"; };
		B52CBD94E5910ED06A425C3C /* PetViewModel.swift */ = {isa = PBXFileReference; lastKnownFileType = sourcecode.swift; path = PetViewModel.swift; sourceTree = "<group>"; };
		B6B161320AB8F459F62F9F48 /* AgentSkin.swift */ = {isa = PBXFileReference; lastKnownFileType = sourcecode.swift; path = AgentSkin.swift; sourceTree = "<group>"; };
		BB5FC658A7CAC3CD9205611B /* PixelPets.app */ = {isa = PBXFileReference; explicitFileType = wrapper.application; includeInIndex = 0; path = PixelPets.app; sourceTree = BUILT_PRODUCTS_DIR; };
		C5DFC862F77574208340D87A /* NodeGate.swift */ = {isa = PBXFileReference; lastKnownFileType = sourcecode.swift; path = NodeGate.swift; sourceTree = "<group>"; };
		CB85949D9BAB777DA9C22692 /* gemini-hook.js */ = {isa = PBXFileReference; lastKnownFileType = sourcecode.javascript; path = "gemini-hook.js"; sourceTree = "<group>"; };
		E9B02CE8A603C370080E1C56 /* HookPermissionView.swift */ = {isa = PBXFileReference; lastKnownFileType = sourcecode.swift; path = HookPermissionView.swift; sourceTree = "<group>"; };
		E9B4482F5071602C678D496E /* pixelpets-hook.js */ = {isa = PBXFileReference; lastKnownFileType = sourcecode.javascript; path = "pixelpets-hook.js"; sourceTree = "<group>"; };
		F79B9631F3A2B78910DA9348 /* PetStateMachineTests.swift */ = {isa = PBXFileReference; lastKnownFileType = sourcecode.swift; path = PetStateMachineTests.swift; sourceTree = "<group>"; };
		FE22542ED2A510E28DA6DA7C /* gemini_sample.json */ = {isa = PBXFileReference; lastKnownFileType = text.json; path = gemini_sample.json; sourceTree = "<group>"; };
/* End PBXFileReference section */

/* Begin PBXGroup section */
		218963A4714621A4EA921665 /* UI */ = {
			isa = PBXGroup;
			children = (
				3B4E20C56B29053A38F4C8D0 /* CliCardView.swift */,
				E9B02CE8A603C370080E1C56 /* HookPermissionView.swift */,
				007D866F945B461BCF4EA67E /* PetDisplayView.swift */,
				60297808408A5939E6D93BD2 /* PopoverView.swift */,
				75B17D2BEBB46E8651F7C8A8 /* QuotaBarView.swift */,
			);
			path = UI;
			sourceTree = "<group>";
		};
		2535FE63CE93DBFB19C8B415 = {
			isa = PBXGroup;
			children = (
				D714730807C8BB8B72888008 /* PixelPets */,
				8292F4952EBEB0F967FD2D62 /* PixelPetsTests */,
				52BAF57A2675E460C41F06FB /* Products */,
			);
			sourceTree = "<group>";
		};
		52BAF57A2675E460C41F06FB /* Products */ = {
			isa = PBXGroup;
			children = (
				BB5FC658A7CAC3CD9205611B /* PixelPets.app */,
				5E565548CDE4528D76590E57 /* PixelPetsTests.xctest */,
			);
			name = Products;
			sourceTree = "<group>";
		};
		5CBEA6F9648F63FD78CF801C /* Resources */ = {
			isa = PBXGroup;
			children = (
				8449B8E9211D259512FAF7DE /* Fixtures */,
				8A9595D30C39B4F128AB2B5B /* hooks */,
			);
			path = Resources;
			sourceTree = "<group>";
		};
		6B088F6716F52147B827A396 /* Senses */ = {
			isa = PBXGroup;
			children = (
				92E3D65629E78F17CFEAC1B5 /* HookRegistrar.swift */,
				215E338061E37977B5F19E4C /* HookServer.swift */,
				C5DFC862F77574208340D87A /* NodeGate.swift */,
			);
			path = Senses;
			sourceTree = "<group>";
		};
		8292F4952EBEB0F967FD2D62 /* PixelPetsTests */ = {
			isa = PBXGroup;
			children = (
				1D7F6A06364FC86944504B15 /* HookRegistrarTests.swift */,
				902053947864E8D75FE02CFB /* HookServerTests.swift */,
				3D41AA1ACC9646A8906B937F /* NodeGateTests.swift */,
				F79B9631F3A2B78910DA9348 /* PetStateMachineTests.swift */,
			);
			path = PixelPetsTests;
			sourceTree = "<group>";
		};
		8449B8E9211D259512FAF7DE /* Fixtures */ = {
			isa = PBXGroup;
			children = (
				9CCC288550F94E3A3960E5A3 /* claude_sample.jsonl */,
				43E4787627A5AA5FD6306B1C /* codex_sample.jsonl */,
				FE22542ED2A510E28DA6DA7C /* gemini_sample.json */,
				34939660747858E47D81A896 /* opencode_sample.json */,
			);
			path = Fixtures;
			sourceTree = "<group>";
		};
		8A9595D30C39B4F128AB2B5B /* hooks */ = {
			isa = PBXGroup;
			children = (
				9F56DC065FAE03A663C8383E /* codex-hook.js */,
				CB85949D9BAB777DA9C22692 /* gemini-hook.js */,
				E9B4482F5071602C678D496E /* pixelpets-hook.js */,
			);
			path = hooks;
			sourceTree = "<group>";
		};
		94FC4D103188E1E0AC04F6B4 /* App */ = {
			isa = PBXGroup;
			children = (
				B4D228234AC373EA76E5C54E /* PixelPetsApp.swift */,
			);
			path = App;
			sourceTree = "<group>";
		};
		A5067EA44016A2BEFDCB0DF9 /* Renderer */ = {
			isa = PBXGroup;
			children = (
				AC63BEA6AC09DEED79DC7523 /* AnimationClock.swift */,
				5F4A3B84E2090C0CF1386DF2 /* BitBotRenderer.swift */,
				4EE0EC6058E905C89792375F /* FaceProvider.swift */,
				9276B97C5781060F8B436E4A /* PixelColor.swift */,
			);
			path = Renderer;
			sourceTree = "<group>";
		};
		C026731DCF1F35203F029D8A /* Core */ = {
			isa = PBXGroup;
			children = (
				0A72F4F208D51F2DA034981F /* PetStateMachine.swift */,
			);
			path = Core;
			sourceTree = "<group>";
		};
		D2E4610F8181F6BBADC411D1 /* Models */ = {
			isa = PBXGroup;
			children = (
				99CE2F3CA0D291740976E7EA /* Accessory.swift */,
				B6B161320AB8F459F62F9F48 /* AgentSkin.swift */,
				683C1BB6357F9C9CD9E0C516 /* PetState.swift */,
				B52CBD94E5910ED06A425C3C /* PetViewModel.swift */,
				27FA3634ADF305BDF917BF6B /* QuotaTier.swift */,
			);
			path = Models;
			sourceTree = "<group>";
		};
		D714730807C8BB8B72888008 /* PixelPets */ = {
			isa = PBXGroup;
			children = (
				5374C17A55C4816597BD775D /* Info.plist */,
				94FC4D103188E1E0AC04F6B4 /* App */,
				C026731DCF1F35203F029D8A /* Core */,
				D2E4610F8181F6BBADC411D1 /* Models */,
				A5067EA44016A2BEFDCB0DF9 /* Renderer */,
				5CBEA6F9648F63FD78CF801C /* Resources */,
				6B088F6716F52147B827A396 /* Senses */,
				218963A4714621A4EA921665 /* UI */,
			);
			path = PixelPets;
			sourceTree = "<group>";
		};
/* End PBXGroup section */

/* Begin PBXNativeTarget section */
		418171680B185A9A6DCDD91B /* PixelPetsTests */ = {
			isa = PBXNativeTarget;
			buildConfigurationList = 559E9DFCCC5D7814DCA70FAB /* Build configuration list for PBXNativeTarget "PixelPetsTests" */;
			buildPhases = (
				F8A859AB40C3062B0FC1C0B5 /* Sources */,
			);
			buildRules = (
			);
			dependencies = (
				5E267D52E18C603AA5B42F80 /* PBXTargetDependency */,
			);
			name = PixelPetsTests;
			packageProductDependencies = (
			);
			productName = PixelPetsTests;
			productReference = 5E565548CDE4528D76590E57 /* PixelPetsTests.xctest */;
			productType = "com.apple.product-type.bundle.unit-test";
		};
		978FDD4665EC6BCDFA2AB1CA /* PixelPets */ = {
			isa = PBXNativeTarget;
			buildConfigurationList = 6CA44515DE4083EBEFEAC588 /* Build configuration list for PBXNativeTarget "PixelPets" */;
			buildPhases = (
				AED7F8FB9E7AA9DD7B227CE8 /* Sources */,
				F01FA679A5B39BD11300D51B /* Resources */,
			);
			buildRules = (
			);
			dependencies = (
			);
			name = PixelPets;
			packageProductDependencies = (
			);
			productName = PixelPets;
			productReference = BB5FC658A7CAC3CD9205611B /* PixelPets.app */;
			productType = "com.apple.product-type.application";
		};
/* End PBXNativeTarget section */

/* Begin PBXProject section */
		044E52543CCA691D33EB3650 /* Project object */ = {
			isa = PBXProject;
			attributes = {
				BuildIndependentTargetsInParallel = YES;
				LastUpgradeCheck = 1430;
				TargetAttributes = {
				};
			};
			buildConfigurationList = 588B8584B5E066CA1FF61589 /* Build configuration list for PBXProject "PixelPets" */;
			developmentRegion = en;
			hasScannedForEncodings = 0;
			knownRegions = (
				Base,
				en,
			);
			mainGroup = 2535FE63CE93DBFB19C8B415;
			minimizedProjectReferenceProxies = 1;
			preferredProjectObjectVersion = 77;
			productRefGroup = 52BAF57A2675E460C41F06FB /* Products */;
			projectDirPath = "";
			projectRoot = "";
			targets = (
				978FDD4665EC6BCDFA2AB1CA /* PixelPets */,
				418171680B185A9A6DCDD91B /* PixelPetsTests */,
			);
		};
/* End PBXProject section */

/* Begin PBXResourcesBuildPhase section */
		F01FA679A5B39BD11300D51B /* Resources */ = {
			isa = PBXResourcesBuildPhase;
			buildActionMask = 2147483647;
			files = (
				E47E29F5AF119F6055E983CD /* claude_sample.jsonl in Resources */,
				B5B14046A8EFD2856BE8D446 /* codex-hook.js in Resources */,
				5F7D433973146C5AE5674233 /* codex_sample.jsonl in Resources */,
				7EC3EBE2B508352497F79092 /* gemini-hook.js in Resources */,
				1C032DEA17F7EDAA7D5349F3 /* gemini_sample.json in Resources */,
				0A47824554C1429037C478C9 /* opencode_sample.json in Resources */,
				38BD0015059AC48A6FD38792 /* pixelpets-hook.js in Resources */,
			);
			runOnlyForDeploymentPostprocessing = 0;
		};
/* End PBXResourcesBuildPhase section */

/* Begin PBXSourcesBuildPhase section */
		AED7F8FB9E7AA9DD7B227CE8 /* Sources */ = {
			isa = PBXSourcesBuildPhase;
			buildActionMask = 2147483647;
			files = (
				241F67C9A786BACDFC92C2D4 /* Accessory.swift in Sources */,
				330EC8D06DCF268C659420A2 /* AgentSkin.swift in Sources */,
				96BC6DEF1CBD42BED6FDBB31 /* AnimationClock.swift in Sources */,
				AB3685DB978DF56AD2A655E6 /* BitBotRenderer.swift in Sources */,
				2A2317D0F005270C335D3798 /* CliCardView.swift in Sources */,
				BC366626C0D435185948FD29 /* FaceProvider.swift in Sources */,
				2B81DC330F8FE5701A2C1F3D /* HookPermissionView.swift in Sources */,
				8103C05BDDDCA7E14979FFD7 /* HookRegistrar.swift in Sources */,
				BC1211A5AC91155F76A86345 /* HookServer.swift in Sources */,
				BDB688527872D702C345F81D /* NodeGate.swift in Sources */,
				3E672EF39084377602CD91B2 /* PetDisplayView.swift in Sources */,
				8A6F7E9249AB47A9B37BB11C /* PetState.swift in Sources */,
				461BB31732DAD92254531F33 /* PetStateMachine.swift in Sources */,
				0D6F974A6A68C8255CE17D2A /* PetViewModel.swift in Sources */,
				8AACAAC62F8149551BE9D596 /* PixelColor.swift in Sources */,
				DACE0CA30AABD07B5497FBAF /* PixelPetsApp.swift in Sources */,
				31C5C8CEAECB30D7E951C812 /* PopoverView.swift in Sources */,
				C27119513A6AEF92DC1BB180 /* QuotaBarView.swift in Sources */,
				210579FE34D21A6E145BDB75 /* QuotaTier.swift in Sources */,
			);
			runOnlyForDeploymentPostprocessing = 0;
		};
		F8A859AB40C3062B0FC1C0B5 /* Sources */ = {
			isa = PBXSourcesBuildPhase;
			buildActionMask = 2147483647;
			files = (
				8AA227BCB4EAB6ABB811B135 /* HookRegistrarTests.swift in Sources */,
				F2C2C632A8CF32BF61019AC8 /* HookServerTests.swift in Sources */,
				3E374B35CE5998C2B889B8D0 /* NodeGateTests.swift in Sources */,
				6C3E6C0F0A27962E3D82489C /* PetStateMachineTests.swift in Sources */,
			);
			runOnlyForDeploymentPostprocessing = 0;
		};
/* End PBXSourcesBuildPhase section */

/* Begin PBXTargetDependency section */
		5E267D52E18C603AA5B42F80 /* PBXTargetDependency */ = {
			isa = PBXTargetDependency;
			target = 978FDD4665EC6BCDFA2AB1CA /* PixelPets */;
			targetProxy = 7352C8FFD8427764608A0D51 /* PBXContainerItemProxy */;
		};
/* End PBXTargetDependency section */

/* Begin XCBuildConfiguration section */
		714447D9B81671D3D4DB28E4 /* Debug */ = {
			isa = XCBuildConfiguration;
			buildSettings = {
				BUNDLE_LOADER = "$(TEST_HOST)";
				COMBINE_HIDPI_IMAGES = YES;
				LD_RUNPATH_SEARCH_PATHS = (
					"$(inherited)",
					"@executable_path/../Frameworks",
					"@loader_path/../Frameworks",
				);
				MACOSX_DEPLOYMENT_TARGET = 13.0;
				SDKROOT = macosx;
				SWIFT_VERSION = 5.9;
				TEST_HOST = "$(BUILT_PRODUCTS_DIR)/PixelPets.app/Contents/MacOS/PixelPets";
			};
			name = Debug;
		};
		848CFFEADE2480DD54785876 /* Debug */ = {
			isa = XCBuildConfiguration;
			buildSettings = {
				ALWAYS_SEARCH_USER_PATHS = NO;
				CLANG_ANALYZER_NONNULL = YES;
				CLANG_ANALYZER_NUMBER_OBJECT_CONVERSION = YES_AGGRESSIVE;
				CLANG_CXX_LANGUAGE_STANDARD = "gnu++14";
				CLANG_CXX_LIBRARY = "libc++";
				CLANG_ENABLE_MODULES = YES;
				CLANG_ENABLE_OBJC_ARC = YES;
				CLANG_ENABLE_OBJC_WEAK = YES;
				CLANG_WARN_BLOCK_CAPTURE_AUTORELEASING = YES;
				CLANG_WARN_BOOL_CONVERSION = YES;
				CLANG_WARN_COMMA = YES;
				CLANG_WARN_CONSTANT_CONVERSION = YES;
				CLANG_WARN_DEPRECATED_OBJC_IMPLEMENTATIONS = YES;
				CLANG_WARN_DIRECT_OBJC_ISA_USAGE = YES_ERROR;
				CLANG_WARN_DOCUMENTATION_COMMENTS = YES;
				CLANG_WARN_EMPTY_BODY = YES;
				CLANG_WARN_ENUM_CONVERSION = YES;
				CLANG_WARN_INFINITE_RECURSION = YES;
				CLANG_WARN_INT_CONVERSION = YES;
				CLANG_WARN_NON_LITERAL_NULL_CONVERSION = YES;
				CLANG_WARN_OBJC_IMPLICIT_RETAIN_SELF = YES;
				CLANG_WARN_OBJC_LITERAL_CONVERSION = YES;
				CLANG_WARN_OBJC_ROOT_CLASS = YES_ERROR;
				CLANG_WARN_QUOTED_INCLUDE_IN_FRAMEWORK_HEADER = YES;
				CLANG_WARN_RANGE_LOOP_ANALYSIS = YES;
				CLANG_WARN_STRICT_PROTOTYPES = YES;
				CLANG_WARN_SUSPICIOUS_MOVE = YES;
				CLANG_WARN_UNGUARDED_AVAILABILITY = YES_AGGRESSIVE;
				CLANG_WARN_UNREACHABLE_CODE = YES;
				CLANG_WARN__DUPLICATE_METHOD_MATCH = YES;
				COPY_PHASE_STRIP = NO;
				DEBUG_INFORMATION_FORMAT = dwarf;
				ENABLE_STRICT_OBJC_MSGSEND = YES;
				ENABLE_TESTABILITY = YES;
				GCC_C_LANGUAGE_STANDARD = gnu11;
				GCC_DYNAMIC_NO_PIC = NO;
				GCC_NO_COMMON_BLOCKS = YES;
				GCC_OPTIMIZATION_LEVEL = 0;
				GCC_PREPROCESSOR_DEFINITIONS = (
					"$(inherited)",
					"DEBUG=1",
				);
				GCC_WARN_64_TO_32_BIT_CONVERSION = YES;
				GCC_WARN_ABOUT_RETURN_TYPE = YES_ERROR;
				GCC_WARN_UNDECLARED_SELECTOR = YES;
				GCC_WARN_UNINITIALIZED_AUTOS = YES_AGGRESSIVE;
				GCC_WARN_UNUSED_FUNCTION = YES;
				GCC_WARN_UNUSED_VARIABLE = YES;
				MTL_ENABLE_DEBUG_INFO = INCLUDE_SOURCE;
				MTL_FAST_MATH = YES;
				ONLY_ACTIVE_ARCH = YES;
				PRODUCT_NAME = "$(TARGET_NAME)";
				SDKROOT = macosx;
				SWIFT_ACTIVE_COMPILATION_CONDITIONS = DEBUG;
				SWIFT_OPTIMIZATION_LEVEL = "-Onone";
				SWIFT_VERSION = 5.0;
			};
			name = Debug;
		};
		868E2D5882F8FDD2A36583F2 /* Release */ = {
			isa = XCBuildConfiguration;
			buildSettings = {
				BUNDLE_LOADER = "$(TEST_HOST)";
				COMBINE_HIDPI_IMAGES = YES;
				LD_RUNPATH_SEARCH_PATHS = (
					"$(inherited)",
					"@executable_path/../Frameworks",
					"@loader_path/../Frameworks",
				);
				MACOSX_DEPLOYMENT_TARGET = 13.0;
				SDKROOT = macosx;
				SWIFT_VERSION = 5.9;
				TEST_HOST = "$(BUILT_PRODUCTS_DIR)/PixelPets.app/Contents/MacOS/PixelPets";
			};
			name = Release;
		};
		87F2E023B4F54BA12E15BBFA /* Debug */ = {
			isa = XCBuildConfiguration;
			buildSettings = {
				ASSETCATALOG_COMPILER_APPICON_NAME = AppIcon;
				COMBINE_HIDPI_IMAGES = YES;
				INFOPLIST_FILE = PixelPets/Info.plist;
				LD_RUNPATH_SEARCH_PATHS = (
					"$(inherited)",
					"@executable_path/../Frameworks",
				);
				MACOSX_DEPLOYMENT_TARGET = 13.0;
				PRODUCT_BUNDLE_IDENTIFIER = com.pixelpets.app;
				SDKROOT = macosx;
				SWIFT_VERSION = 5.9;
			};
			name = Debug;
		};
		DBA75A428ADB869ADEF15FED /* Release */ = {
			isa = XCBuildConfiguration;
			buildSettings = {
				ASSETCATALOG_COMPILER_APPICON_NAME = AppIcon;
				COMBINE_HIDPI_IMAGES = YES;
				INFOPLIST_FILE = PixelPets/Info.plist;
				LD_RUNPATH_SEARCH_PATHS = (
					"$(inherited)",
					"@executable_path/../Frameworks",
				);
				MACOSX_DEPLOYMENT_TARGET = 13.0;
				PRODUCT_BUNDLE_IDENTIFIER = com.pixelpets.app;
				SDKROOT = macosx;
				SWIFT_VERSION = 5.9;
			};
			name = Release;
		};
		F7F8CF7C46B018D25EE97164 /* Release */ = {
			isa = XCBuildConfiguration;
			buildSettings = {
				ALWAYS_SEARCH_USER_PATHS = NO;
				CLANG_ANALYZER_NONNULL = YES;
				CLANG_ANALYZER_NUMBER_OBJECT_CONVERSION = YES_AGGRESSIVE;
				CLANG_CXX_LANGUAGE_STANDARD = "gnu++14";
				CLANG_CXX_LIBRARY = "libc++";
				CLANG_ENABLE_MODULES = YES;
				CLANG_ENABLE_OBJC_ARC = YES;
				CLANG_ENABLE_OBJC_WEAK = YES;
				CLANG_WARN_BLOCK_CAPTURE_AUTORELEASING = YES;
				CLANG_WARN_BOOL_CONVERSION = YES;
				CLANG_WARN_COMMA = YES;
				CLANG_WARN_CONSTANT_CONVERSION = YES;
				CLANG_WARN_DEPRECATED_OBJC_IMPLEMENTATIONS = YES;
				CLANG_WARN_DIRECT_OBJC_ISA_USAGE = YES_ERROR;
				CLANG_WARN_DOCUMENTATION_COMMENTS = YES;
				CLANG_WARN_EMPTY_BODY = YES;
				CLANG_WARN_ENUM_CONVERSION = YES;
				CLANG_WARN_INFINITE_RECURSION = YES;
				CLANG_WARN_INT_CONVERSION = YES;
				CLANG_WARN_NON_LITERAL_NULL_CONVERSION = YES;
				CLANG_WARN_OBJC_IMPLICIT_RETAIN_SELF = YES;
				CLANG_WARN_OBJC_LITERAL_CONVERSION = YES;
				CLANG_WARN_OBJC_ROOT_CLASS = YES_ERROR;
				CLANG_WARN_QUOTED_INCLUDE_IN_FRAMEWORK_HEADER = YES;
				CLANG_WARN_RANGE_LOOP_ANALYSIS = YES;
				CLANG_WARN_STRICT_PROTOTYPES = YES;
				CLANG_WARN_SUSPICIOUS_MOVE = YES;
				CLANG_WARN_UNGUARDED_AVAILABILITY = YES_AGGRESSIVE;
				CLANG_WARN_UNREACHABLE_CODE = YES;
				CLANG_WARN__DUPLICATE_METHOD_MATCH = YES;
				COPY_PHASE_STRIP = NO;
				DEBUG_INFORMATION_FORMAT = "dwarf-with-dsym";
				ENABLE_NS_ASSERTIONS = NO;
				ENABLE_STRICT_OBJC_MSGSEND = YES;
				GCC_C_LANGUAGE_STANDARD = gnu11;
				GCC_NO_COMMON_BLOCKS = YES;
				GCC_WARN_64_TO_32_BIT_CONVERSION = YES;
				GCC_WARN_ABOUT_RETURN_TYPE = YES_ERROR;
				GCC_WARN_UNDECLARED_SELECTOR = YES;
				GCC_WARN_UNINITIALIZED_AUTOS = YES_AGGRESSIVE;
				GCC_WARN_UNUSED_FUNCTION = YES;
				GCC_WARN_UNUSED_VARIABLE = YES;
				MTL_ENABLE_DEBUG_INFO = NO;
				MTL_FAST_MATH = YES;
				PRODUCT_NAME = "$(TARGET_NAME)";
				SDKROOT = macosx;
				SWIFT_COMPILATION_MODE = wholemodule;
				SWIFT_OPTIMIZATION_LEVEL = "-O";
				SWIFT_VERSION = 5.0;
			};
			name = Release;
		};
/* End XCBuildConfiguration section */

/* Begin XCConfigurationList section */
		559E9DFCCC5D7814DCA70FAB /* Build configuration list for PBXNativeTarget "PixelPetsTests" */ = {
			isa = XCConfigurationList;
			buildConfigurations = (
				714447D9B81671D3D4DB28E4 /* Debug */,
				868E2D5882F8FDD2A36583F2 /* Release */,
			);
			defaultConfigurationIsVisible = 0;
			defaultConfigurationName = Debug;
		};
		588B8584B5E066CA1FF61589 /* Build configuration list for PBXProject "PixelPets" */ = {
			isa = XCConfigurationList;
			buildConfigurations = (
				848CFFEADE2480DD54785876 /* Debug */,
				F7F8CF7C46B018D25EE97164 /* Release */,
			);
			defaultConfigurationIsVisible = 0;
			defaultConfigurationName = Debug;
		};
		6CA44515DE4083EBEFEAC588 /* Build configuration list for PBXNativeTarget "PixelPets" */ = {
			isa = XCConfigurationList;
			buildConfigurations = (
				87F2E023B4F54BA12E15BBFA /* Debug */,
				DBA75A428ADB869ADEF15FED /* Release */,
			);
			defaultConfigurationIsVisible = 0;
			defaultConfigurationName = Debug;
		};
/* End XCConfigurationList section */
	};
	rootObject = 044E52543CCA691D33EB3650 /* Project object */;
}
