// !$*UTF8*$!
{
	archiveVersion = 1;
	classes = {
	};
	objectVersion = 77;
	objects = {

/* Begin PBXBuildFile section */
		03D64F9FE1BD9AB6457046E9 /* QuotaCoordinatorTests.swift in Sources */ = {isa = PBXBuildFile; fileRef = 96BE9AA57599BC6F957652D9 /* QuotaCoordinatorTests.swift */; };
		210579FE34D21A6E145BDB75 /* QuotaTier.swift in Sources */ = {isa = PBXBuildFile; fileRef = 27FA3634ADF305BDF917BF6B /* QuotaTier.swift */; };
		2476C6AFCC5F76A9D49C2E3C /* QuotaStatus.swift in Sources */ = {isa = PBXBuildFile; fileRef = 24FA976A22A6EBA948271E23 /* QuotaStatus.swift */; };
		26CB75FAD7B1B7D52EFA3EC3 /* QuotaStateStoreTests.swift in Sources */ = {isa = PBXBuildFile; fileRef = 45C0170FBAB6F692D7137536 /* QuotaStateStoreTests.swift */; };
		2F1E20A082290F686CE9205E /* QuotaSource.swift in Sources */ = {isa = PBXBuildFile; fileRef = A2C1BFEB2D136A5E75099745 /* QuotaSource.swift */; };
		31C5C8CEAECB30D7E951C812 /* PopoverView.swift in Sources */ = {isa = PBXBuildFile; fileRef = 60297808408A5939E6D93BD2 /* PopoverView.swift */; };
		57994EE31E32913BFE55FCA8 /* QuotaCardView.swift in Sources */ = {isa = PBXBuildFile; fileRef = DE175D67C9AF85DC79520DFD /* QuotaCardView.swift */; };
		58CA6F09839B9801C9E2E601 /* ColorExtension.swift in Sources */ = {isa = PBXBuildFile; fileRef = 1CD37C13317D1CC70AA9E874 /* ColorExtension.swift */; };
		5DFE2F47D97EE0040E8C21F1 /* AIProvider.swift in Sources */ = {isa = PBXBuildFile; fileRef = CBF54C05B204A39748015EC7 /* AIProvider.swift */; };
		67408F393CF1F241A056E447 /* GameSettingsView.swift in Sources */ = {isa = PBXBuildFile; fileRef = 7C77F49A948472204AEFDF7E /* GameSettingsView.swift */; };
		691FB3703F9C6417D79C4C16 /* AppDelegate.swift in Sources */ = {isa = PBXBuildFile; fileRef = A9F37A095CE41C582C8A5692 /* AppDelegate.swift */; };
		6AF577D1EAB17321BFBA522E /* MenuBarDotView.swift in Sources */ = {isa = PBXBuildFile; fileRef = 67889CBDC4B02CE0B02BF984 /* MenuBarDotView.swift */; };
		905F301E04A93DDFA4B47B29 /* SettingsStore.swift in Sources */ = {isa = PBXBuildFile; fileRef = 46A43FD451CF7A4BE88EBD8C /* SettingsStore.swift */; };
		9529F0562B69CF5D49F8D038 /* SettingsStoreTests.swift in Sources */ = {isa = PBXBuildFile; fileRef = 61EBFE7714D1C3320134755B /* SettingsStoreTests.swift */; };
		A443C8EABAA30435A1BE59CE /* ProviderQuotaSnapshot.swift in Sources */ = {isa = PBXBuildFile; fileRef = 0DDE8D74AE96C2163CA1472C /* ProviderQuotaSnapshot.swift */; };
		AD0872A911ED8766A7492B29 /* ClaudeQuotaClient.swift in Sources */ = {isa = PBXBuildFile; fileRef = 99C7006C828E56636FAA552E /* ClaudeQuotaClient.swift */; };
		B4A4CDB50783F1EB30B943EA /* QuotaClient.swift in Sources */ = {isa = PBXBuildFile; fileRef = 6D28DE38E4544AD3B2E73B6F /* QuotaClient.swift */; };
		C10E252196DE610DF0D9E3F9 /* QuotaCoordinator.swift in Sources */ = {isa = PBXBuildFile; fileRef = 31435A41B49EC232E5A7EC86 /* QuotaCoordinator.swift */; };
		C1C9F45D0B8BA8ABDEA632FB /* QuotaStateStore.swift in Sources */ = {isa = PBXBuildFile; fileRef = 72F329E8400ED3A3292B9567 /* QuotaStateStore.swift */; };
		C27119513A6AEF92DC1BB180 /* QuotaBarView.swift in Sources */ = {isa = PBXBuildFile; fileRef = 75B17D2BEBB46E8651F7C8A8 /* QuotaBarView.swift */; };
		DACE0CA30AABD07B5497FBAF /* PixelPetsApp.swift in Sources */ = {isa = PBXBuildFile; fileRef = B4D228234AC373EA76E5C54E /* PixelPetsApp.swift */; };
		E80B86BFD06D585D2E4FDDEA /* ClaudeQuotaClientTests.swift in Sources */ = {isa = PBXBuildFile; fileRef = F8D24223BCBA7E351F2CB768 /* ClaudeQuotaClientTests.swift */; };
/* End PBXBuildFile section */

/* Begin PBXContainerItemProxy section */
		7352C8FFD8427764608A0D51 /* PBXContainerItemProxy */ = {
			isa = PBXContainerItemProxy;
			containerPortal = 044E52543CCA691D33EB3650 /* Project object */;
			proxyType = 1;
			remoteGlobalIDString = 978FDD4665EC6BCDFA2AB1CA;
			remoteInfo = PixelPets;
		};
/* End PBXContainerItemProxy section */

/* Begin PBXFileReference section */
		0DDE8D74AE96C2163CA1472C /* ProviderQuotaSnapshot.swift */ = {isa = PBXFileReference; lastKnownFileType = sourcecode.swift; path = ProviderQuotaSnapshot.swift; sourceTree = "<group>"; };
		1CD37C13317D1CC70AA9E874 /* ColorExtension.swift */ = {isa = PBXFileReference; lastKnownFileType = sourcecode.swift; path = ColorExtension.swift; sourceTree = "<group>"; };
		24FA976A22A6EBA948271E23 /* QuotaStatus.swift */ = {isa = PBXFileReference; lastKnownFileType = sourcecode.swift; path = QuotaStatus.swift; sourceTree = "<group>"; };
		27FA3634ADF305BDF917BF6B /* QuotaTier.swift */ = {isa = PBXFileReference; lastKnownFileType = sourcecode.swift; path = QuotaTier.swift; sourceTree = "<group>"; };
		31435A41B49EC232E5A7EC86 /* QuotaCoordinator.swift */ = {isa = PBXFileReference; lastKnownFileType = sourcecode.swift; path = QuotaCoordinator.swift; sourceTree = "<group>"; };
		45C0170FBAB6F692D7137536 /* QuotaStateStoreTests.swift */ = {isa = PBXFileReference; lastKnownFileType = sourcecode.swift; path = QuotaStateStoreTests.swift; sourceTree = "<group>"; };
		46A43FD451CF7A4BE88EBD8C /* SettingsStore.swift */ = {isa = PBXFileReference; lastKnownFileType = sourcecode.swift; path = SettingsStore.swift; sourceTree = "<group>"; };
		5374C17A55C4816597BD775D /* Info.plist */ = {isa = PBXFileReference; lastKnownFileType = text.plist; path = Info.plist; sourceTree = "<group>"; };
		5E565548CDE4528D76590E57 /* PixelPetsTests.xctest */ = {isa = PBXFileReference; explicitFileType = wrapper.cfbundle; includeInIndex = 0; path = PixelPetsTests.xctest; sourceTree = BUILT_PRODUCTS_DIR; };
		60297808408A5939E6D93BD2 /* PopoverView.swift */ = {isa = PBXFileReference; lastKnownFileType = sourcecode.swift; path = PopoverView.swift; sourceTree = "<group>"; };
		61EBFE7714D1C3320134755B /* SettingsStoreTests.swift */ = {isa = PBXFileReference; lastKnownFileType = sourcecode.swift; path = SettingsStoreTests.swift; sourceTree = "<group>"; };
		67889CBDC4B02CE0B02BF984 /* MenuBarDotView.swift */ = {isa = PBXFileReference; lastKnownFileType = sourcecode.swift; path = MenuBarDotView.swift; sourceTree = "<group>"; };
		6D28DE38E4544AD3B2E73B6F /* QuotaClient.swift */ = {isa = PBXFileReference; lastKnownFileType = sourcecode.swift; path = QuotaClient.swift; sourceTree = "<group>"; };
		72F329E8400ED3A3292B9567 /* QuotaStateStore.swift */ = {isa = PBXFileReference; lastKnownFileType = sourcecode.swift; path = QuotaStateStore.swift; sourceTree = "<group>"; };
		75B17D2BEBB46E8651F7C8A8 /* QuotaBarView.swift */ = {isa = PBXFileReference; lastKnownFileType = sourcecode.swift; path = QuotaBarView.swift; sourceTree = "<group>"; };
		7C77F49A948472204AEFDF7E /* GameSettingsView.swift */ = {isa = PBXFileReference; lastKnownFileType = sourcecode.swift; path = GameSettingsView.swift; sourceTree = "<group>"; };
		96BE9AA57599BC6F957652D9 /* QuotaCoordinatorTests.swift */ = {isa = PBXFileReference; lastKnownFileType = sourcecode.swift; path = QuotaCoordinatorTests.swift; sourceTree = "<group>"; };
		99C7006C828E56636FAA552E /* ClaudeQuotaClient.swift */ = {isa = PBXFileReference; lastKnownFileType = sourcecode.swift; path = ClaudeQuotaClient.swift; sourceTree = "<group>"; };
		A2C1BFEB2D136A5E75099745 /* QuotaSource.swift */ = {isa = PBXFileReference; lastKnownFileType = sourcecode.swift; path = QuotaSource.swift; sourceTree = "<group>"; };
		A9F37A095CE41C582C8A5692 /* AppDelegate.swift */ = {isa = PBXFileReference; lastKnownFileType = sourcecode.swift; path = AppDelegate.swift; sourceTree = "<group>"; };
		B4D228234AC373EA76E5C54E /* PixelPetsApp.swift */ = {isa = PBXFileReference; lastKnownFileType = sourcecode.swift; path = PixelPetsApp.swift; sourceTree = "<group>"; };
		BB5FC658A7CAC3CD9205611B /* PixelPets.app */ = {isa = PBXFileReference; explicitFileType = wrapper.application; includeInIndex = 0; path = PixelPets.app; sourceTree = BUILT_PRODUCTS_DIR; };
		CBF54C05B204A39748015EC7 /* AIProvider.swift */ = {isa = PBXFileReference; lastKnownFileType = sourcecode.swift; path = AIProvider.swift; sourceTree = "<group>"; };
		DE175D67C9AF85DC79520DFD /* QuotaCardView.swift */ = {isa = PBXFileReference; lastKnownFileType = sourcecode.swift; path = QuotaCardView.swift; sourceTree = "<group>"; };
		F8D24223BCBA7E351F2CB768 /* ClaudeQuotaClientTests.swift */ = {isa = PBXFileReference; lastKnownFileType = sourcecode.swift; path = ClaudeQuotaClientTests.swift; sourceTree = "<group>"; };
/* End PBXFileReference section */

/* Begin PBXGroup section */
		218963A4714621A4EA921665 /* UI */ = {
			isa = PBXGroup;
			children = (
				67889CBDC4B02CE0B02BF984 /* MenuBarDotView.swift */,
				60297808408A5939E6D93BD2 /* PopoverView.swift */,
				75B17D2BEBB46E8651F7C8A8 /* QuotaBarView.swift */,
				DE175D67C9AF85DC79520DFD /* QuotaCardView.swift */,
				BF5A76CD75700858B284AA0D /* Settings */,
			);
			path = UI;
			sourceTree = "<group>";
		};
		2535FE63CE93DBFB19C8B415 = {
			isa = PBXGroup;
			children = (
				D714730807C8BB8B72888008 /* PixelPets */,
				8292F4952EBEB0F967FD2D62 /* PixelPetsTests */,
				52BAF57A2675E460C41F06FB /* Products */,
			);
			sourceTree = "<group>";
		};
		52BAF57A2675E460C41F06FB /* Products */ = {
			isa = PBXGroup;
			children = (
				BB5FC658A7CAC3CD9205611B /* PixelPets.app */,
				5E565548CDE4528D76590E57 /* PixelPetsTests.xctest */,
			);
			name = Products;
			sourceTree = "<group>";
		};
		6B088F6716F52147B827A396 /* Senses */ = {
			isa = PBXGroup;
			children = (
				99C7006C828E56636FAA552E /* ClaudeQuotaClient.swift */,
				6D28DE38E4544AD3B2E73B6F /* QuotaClient.swift */,
			);
			path = Senses;
			sourceTree = "<group>";
		};
		8292F4952EBEB0F967FD2D62 /* PixelPetsTests */ = {
			isa = PBXGroup;
			children = (
				F8D24223BCBA7E351F2CB768 /* ClaudeQuotaClientTests.swift */,
				96BE9AA57599BC6F957652D9 /* QuotaCoordinatorTests.swift */,
				45C0170FBAB6F692D7137536 /* QuotaStateStoreTests.swift */,
				61EBFE7714D1C3320134755B /* SettingsStoreTests.swift */,
			);
			path = PixelPetsTests;
			sourceTree = "<group>";
		};
		94FC4D103188E1E0AC04F6B4 /* App */ = {
			isa = PBXGroup;
			children = (
				A9F37A095CE41C582C8A5692 /* AppDelegate.swift */,
				B4D228234AC373EA76E5C54E /* PixelPetsApp.swift */,
				31435A41B49EC232E5A7EC86 /* QuotaCoordinator.swift */,
			);
			path = App;
			sourceTree = "<group>";
		};
		A120A2A98806D7B2BB6D61C9 /* Persistence */ = {
			isa = PBXGroup;
			children = (
				46A43FD451CF7A4BE88EBD8C /* SettingsStore.swift */,
			);
			path = Persistence;
			sourceTree = "<group>";
		};
		BF5A76CD75700858B284AA0D /* Settings */ = {
			isa = PBXGroup;
			children = (
				7C77F49A948472204AEFDF7E /* GameSettingsView.swift */,
			);
			path = Settings;
			sourceTree = "<group>";
		};
		D2E4610F8181F6BBADC411D1 /* Models */ = {
			isa = PBXGroup;
			children = (
				CBF54C05B204A39748015EC7 /* AIProvider.swift */,
				1CD37C13317D1CC70AA9E874 /* ColorExtension.swift */,
				0DDE8D74AE96C2163CA1472C /* ProviderQuotaSnapshot.swift */,
				A2C1BFEB2D136A5E75099745 /* QuotaSource.swift */,
				72F329E8400ED3A3292B9567 /* QuotaStateStore.swift */,
				24FA976A22A6EBA948271E23 /* QuotaStatus.swift */,
				27FA3634ADF305BDF917BF6B /* QuotaTier.swift */,
			);
			path = Models;
			sourceTree = "<group>";
		};
		D714730807C8BB8B72888008 /* PixelPets */ = {
			isa = PBXGroup;
			children = (
				5374C17A55C4816597BD775D /* Info.plist */,
				94FC4D103188E1E0AC04F6B4 /* App */,
				D2E4610F8181F6BBADC411D1 /* Models */,
				A120A2A98806D7B2BB6D61C9 /* Persistence */,
				6B088F6716F52147B827A396 /* Senses */,
				218963A4714621A4EA921665 /* UI */,
			);
			path = PixelPets;
			sourceTree = "<group>";
		};
		"TEMP_F0922F94-475C-48FA-9EF1-C08F99AF6A12" /* Resources */ = {
			isa = PBXGroup;
			children = (
			);
			path = Resources;
			sourceTree = "<group>";
		};
/* End PBXGroup section */

/* Begin PBXNativeTarget section */
		418171680B185A9A6DCDD91B /* PixelPetsTests */ = {
			isa = PBXNativeTarget;
			buildConfigurationList = 559E9DFCCC5D7814DCA70FAB /* Build configuration list for PBXNativeTarget "PixelPetsTests" */;
			buildPhases = (
				F8A859AB40C3062B0FC1C0B5 /* Sources */,
			);
			buildRules = (
			);
			dependencies = (
				5E267D52E18C603AA5B42F80 /* PBXTargetDependency */,
			);
			name = PixelPetsTests;
			packageProductDependencies = (
			);
			productName = PixelPetsTests;
			productReference = 5E565548CDE4528D76590E57 /* PixelPetsTests.xctest */;
			productType = "com.apple.product-type.bundle.unit-test";
		};
		978FDD4665EC6BCDFA2AB1CA /* PixelPets */ = {
			isa = PBXNativeTarget;
			buildConfigurationList = 6CA44515DE4083EBEFEAC588 /* Build configuration list for PBXNativeTarget "PixelPets" */;
			buildPhases = (
				AED7F8FB9E7AA9DD7B227CE8 /* Sources */,
			);
			buildRules = (
			);
			dependencies = (
			);
			name = PixelPets;
			packageProductDependencies = (
			);
			productName = PixelPets;
			productReference = BB5FC658A7CAC3CD9205611B /* PixelPets.app */;
			productType = "com.apple.product-type.application";
		};
/* End PBXNativeTarget section */

/* Begin PBXProject section */
		044E52543CCA691D33EB3650 /* Project object */ = {
			isa = PBXProject;
			attributes = {
				BuildIndependentTargetsInParallel = YES;
				LastUpgradeCheck = 1430;
				TargetAttributes = {
				};
			};
			buildConfigurationList = 588B8584B5E066CA1FF61589 /* Build configuration list for PBXProject "PixelPets" */;
			developmentRegion = en;
			hasScannedForEncodings = 0;
			knownRegions = (
				Base,
				en,
			);
			mainGroup = 2535FE63CE93DBFB19C8B415;
			minimizedProjectReferenceProxies = 1;
			preferredProjectObjectVersion = 77;
			productRefGroup = 52BAF57A2675E460C41F06FB /* Products */;
			projectDirPath = "";
			projectRoot = "";
			targets = (
				978FDD4665EC6BCDFA2AB1CA /* PixelPets */,
				418171680B185A9A6DCDD91B /* PixelPetsTests */,
			);
		};
/* End PBXProject section */

/* Begin PBXSourcesBuildPhase section */
		AED7F8FB9E7AA9DD7B227CE8 /* Sources */ = {
			isa = PBXSourcesBuildPhase;
			buildActionMask = 2147483647;
			files = (
				5DFE2F47D97EE0040E8C21F1 /* AIProvider.swift in Sources */,
				691FB3703F9C6417D79C4C16 /* AppDelegate.swift in Sources */,
				AD0872A911ED8766A7492B29 /* ClaudeQuotaClient.swift in Sources */,
				58CA6F09839B9801C9E2E601 /* ColorExtension.swift in Sources */,
				67408F393CF1F241A056E447 /* GameSettingsView.swift in Sources */,
				6AF577D1EAB17321BFBA522E /* MenuBarDotView.swift in Sources */,
				DACE0CA30AABD07B5497FBAF /* PixelPetsApp.swift in Sources */,
				31C5C8CEAECB30D7E951C812 /* PopoverView.swift in Sources */,
				A443C8EABAA30435A1BE59CE /* ProviderQuotaSnapshot.swift in Sources */,
				C27119513A6AEF92DC1BB180 /* QuotaBarView.swift in Sources */,
				57994EE31E32913BFE55FCA8 /* QuotaCardView.swift in Sources */,
				B4A4CDB50783F1EB30B943EA /* QuotaClient.swift in Sources */,
				C10E252196DE610DF0D9E3F9 /* QuotaCoordinator.swift in Sources */,
				2F1E20A082290F686CE9205E /* QuotaSource.swift in Sources */,
				C1C9F45D0B8BA8ABDEA632FB /* QuotaStateStore.swift in Sources */,
				2476C6AFCC5F76A9D49C2E3C /* QuotaStatus.swift in Sources */,
				210579FE34D21A6E145BDB75 /* QuotaTier.swift in Sources */,
				905F301E04A93DDFA4B47B29 /* SettingsStore.swift in Sources */,
			);
			runOnlyForDeploymentPostprocessing = 0;
		};
		F8A859AB40C3062B0FC1C0B5 /* Sources */ = {
			isa = PBXSourcesBuildPhase;
			buildActionMask = 2147483647;
			files = (
				E80B86BFD06D585D2E4FDDEA /* ClaudeQuotaClientTests.swift in Sources */,
				03D64F9FE1BD9AB6457046E9 /* QuotaCoordinatorTests.swift in Sources */,
				26CB75FAD7B1B7D52EFA3EC3 /* QuotaStateStoreTests.swift in Sources */,
				9529F0562B69CF5D49F8D038 /* SettingsStoreTests.swift in Sources */,
			);
			runOnlyForDeploymentPostprocessing = 0;
		};
/* End PBXSourcesBuildPhase section */

/* Begin PBXTargetDependency section */
		5E267D52E18C603AA5B42F80 /* PBXTargetDependency */ = {
			isa = PBXTargetDependency;
			target = 978FDD4665EC6BCDFA2AB1CA /* PixelPets */;
			targetProxy = 7352C8FFD8427764608A0D51 /* PBXContainerItemProxy */;
		};
/* End PBXTargetDependency section */

/* Begin XCBuildConfiguration section */
		714447D9B81671D3D4DB28E4 /* Debug */ = {
			isa = XCBuildConfiguration;
			buildSettings = {
				BUNDLE_LOADER = "$(TEST_HOST)";
				COMBINE_HIDPI_IMAGES = YES;
				GENERATE_INFOPLIST_FILE = YES;
				LD_RUNPATH_SEARCH_PATHS = (
					"$(inherited)",
					"@executable_path/../Frameworks",
					"@loader_path/../Frameworks",
				);
				MACOSX_DEPLOYMENT_TARGET = 26.0;
				PRODUCT_BUNDLE_IDENTIFIER = com.pixelpets.app.tests;
				SDKROOT = macosx;
				SWIFT_VERSION = 5.9;
				TEST_HOST = "$(BUILT_PRODUCTS_DIR)/PixelPets.app/Contents/MacOS/PixelPets";
			};
			name = Debug;
		};
		848CFFEADE2480DD54785876 /* Debug */ = {
			isa = XCBuildConfiguration;
			buildSettings = {
				ALWAYS_SEARCH_USER_PATHS = NO;
				CLANG_ANALYZER_NONNULL = YES;
				CLANG_ANALYZER_NUMBER_OBJECT_CONVERSION = YES_AGGRESSIVE;
				CLANG_CXX_LANGUAGE_STANDARD = "gnu++14";
				CLANG_CXX_LIBRARY = "libc++";
				CLANG_ENABLE_MODULES = YES;
				CLANG_ENABLE_OBJC_ARC = YES;
				CLANG_ENABLE_OBJC_WEAK = YES;
				CLANG_WARN_BLOCK_CAPTURE_AUTORELEASING = YES;
				CLANG_WARN_BOOL_CONVERSION = YES;
				CLANG_WARN_COMMA = YES;
				CLANG_WARN_CONSTANT_CONVERSION = YES;
				CLANG_WARN_DEPRECATED_OBJC_IMPLEMENTATIONS = YES;
				CLANG_WARN_DIRECT_OBJC_ISA_USAGE = YES_ERROR;
				CLANG_WARN_DOCUMENTATION_COMMENTS = YES;
				CLANG_WARN_EMPTY_BODY = YES;
				CLANG_WARN_ENUM_CONVERSION = YES;
				CLANG_WARN_INFINITE_RECURSION = YES;
				CLANG_WARN_INT_CONVERSION = YES;
				CLANG_WARN_NON_LITERAL_NULL_CONVERSION = YES;
				CLANG_WARN_OBJC_IMPLICIT_RETAIN_SELF = YES;
				CLANG_WARN_OBJC_LITERAL_CONVERSION = YES;
				CLANG_WARN_OBJC_ROOT_CLASS = YES_ERROR;
				CLANG_WARN_QUOTED_INCLUDE_IN_FRAMEWORK_HEADER = YES;
				CLANG_WARN_RANGE_LOOP_ANALYSIS = YES;
				CLANG_WARN_STRICT_PROTOTYPES = YES;
				CLANG_WARN_SUSPICIOUS_MOVE = YES;
				CLANG_WARN_UNGUARDED_AVAILABILITY = YES_AGGRESSIVE;
				CLANG_WARN_UNREACHABLE_CODE = YES;
				CLANG_WARN__DUPLICATE_METHOD_MATCH = YES;
				COPY_PHASE_STRIP = NO;
				DEBUG_INFORMATION_FORMAT = dwarf;
				ENABLE_STRICT_OBJC_MSGSEND = YES;
				ENABLE_TESTABILITY = YES;
				GCC_C_LANGUAGE_STANDARD = gnu11;
				GCC_DYNAMIC_NO_PIC = NO;
				GCC_NO_COMMON_BLOCKS = YES;
				GCC_OPTIMIZATION_LEVEL = 0;
				GCC_PREPROCESSOR_DEFINITIONS = (
					"$(inherited)",
					"DEBUG=1",
				);
				GCC_WARN_64_TO_32_BIT_CONVERSION = YES;
				GCC_WARN_ABOUT_RETURN_TYPE = YES_ERROR;
				GCC_WARN_UNDECLARED_SELECTOR = YES;
				GCC_WARN_UNINITIALIZED_AUTOS = YES_AGGRESSIVE;
				GCC_WARN_UNUSED_FUNCTION = YES;
				GCC_WARN_UNUSED_VARIABLE = YES;
				MTL_ENABLE_DEBUG_INFO = INCLUDE_SOURCE;
				MTL_FAST_MATH = YES;
				ONLY_ACTIVE_ARCH = YES;
				PRODUCT_NAME = "$(TARGET_NAME)";
				SDKROOT = macosx;
				SWIFT_ACTIVE_COMPILATION_CONDITIONS = DEBUG;
				SWIFT_OPTIMIZATION_LEVEL = "-Onone";
				SWIFT_VERSION = 5.0;
			};
			name = Debug;
		};
		868E2D5882F8FDD2A36583F2 /* Release */ = {
			isa = XCBuildConfiguration;
			buildSettings = {
				BUNDLE_LOADER = "$(TEST_HOST)";
				COMBINE_HIDPI_IMAGES = YES;
				GENERATE_INFOPLIST_FILE = YES;
				LD_RUNPATH_SEARCH_PATHS = (
					"$(inherited)",
					"@executable_path/../Frameworks",
					"@loader_path/../Frameworks",
				);
				MACOSX_DEPLOYMENT_TARGET = 26.0;
				PRODUCT_BUNDLE_IDENTIFIER = com.pixelpets.app.tests;
				SDKROOT = macosx;
				SWIFT_VERSION = 5.9;
				TEST_HOST = "$(BUILT_PRODUCTS_DIR)/PixelPets.app/Contents/MacOS/PixelPets";
			};
			name = Release;
		};
		87F2E023B4F54BA12E15BBFA /* Debug */ = {
			isa = XCBuildConfiguration;
			buildSettings = {
				ASSETCATALOG_COMPILER_APPICON_NAME = AppIcon;
				COMBINE_HIDPI_IMAGES = YES;
				INFOPLIST_FILE = PixelPets/Info.plist;
				LD_RUNPATH_SEARCH_PATHS = (
					"$(inherited)",
					"@executable_path/../Frameworks",
				);
				MACOSX_DEPLOYMENT_TARGET = 26.0;
				PRODUCT_BUNDLE_IDENTIFIER = com.pixelpets.app;
				SDKROOT = macosx;
				SWIFT_VERSION = 5.9;
			};
			name = Debug;
		};
		DBA75A428ADB869ADEF15FED /* Release */ = {
			isa = XCBuildConfiguration;
			buildSettings = {
				ASSETCATALOG_COMPILER_APPICON_NAME = AppIcon;
				COMBINE_HIDPI_IMAGES = YES;
				INFOPLIST_FILE = PixelPets/Info.plist;
				LD_RUNPATH_SEARCH_PATHS = (
					"$(inherited)",
					"@executable_path/../Frameworks",
				);
				MACOSX_DEPLOYMENT_TARGET = 26.0;
				PRODUCT_BUNDLE_IDENTIFIER = com.pixelpets.app;
				SDKROOT = macosx;
				SWIFT_VERSION = 5.9;
			};
			name = Release;
		};
		F7F8CF7C46B018D25EE97164 /* Release */ = {
			isa = XCBuildConfiguration;
			buildSettings = {
				ALWAYS_SEARCH_USER_PATHS = NO;
				CLANG_ANALYZER_NONNULL = YES;
				CLANG_ANALYZER_NUMBER_OBJECT_CONVERSION = YES_AGGRESSIVE;
				CLANG_CXX_LANGUAGE_STANDARD = "gnu++14";
				CLANG_CXX_LIBRARY = "libc++";
				CLANG_ENABLE_MODULES = YES;
				CLANG_ENABLE_OBJC_ARC = YES;
				CLANG_ENABLE_OBJC_WEAK = YES;
				CLANG_WARN_BLOCK_CAPTURE_AUTORELEASING = YES;
				CLANG_WARN_BOOL_CONVERSION = YES;
				CLANG_WARN_COMMA = YES;
				CLANG_WARN_CONSTANT_CONVERSION = YES;
				CLANG_WARN_DEPRECATED_OBJC_IMPLEMENTATIONS = YES;
				CLANG_WARN_DIRECT_OBJC_ISA_USAGE = YES_ERROR;
				CLANG_WARN_DOCUMENTATION_COMMENTS = YES;
				CLANG_WARN_EMPTY_BODY = YES;
				CLANG_WARN_ENUM_CONVERSION = YES;
				CLANG_WARN_INFINITE_RECURSION = YES;
				CLANG_WARN_INT_CONVERSION = YES;
				CLANG_WARN_NON_LITERAL_NULL_CONVERSION = YES;
				CLANG_WARN_OBJC_IMPLICIT_RETAIN_SELF = YES;
				CLANG_WARN_OBJC_LITERAL_CONVERSION = YES;
				CLANG_WARN_OBJC_ROOT_CLASS = YES_ERROR;
				CLANG_WARN_QUOTED_INCLUDE_IN_FRAMEWORK_HEADER = YES;
				CLANG_WARN_RANGE_LOOP_ANALYSIS = YES;
				CLANG_WARN_STRICT_PROTOTYPES = YES;
				CLANG_WARN_SUSPICIOUS_MOVE = YES;
				CLANG_WARN_UNGUARDED_AVAILABILITY = YES_AGGRESSIVE;
				CLANG_WARN_UNREACHABLE_CODE = YES;
				CLANG_WARN__DUPLICATE_METHOD_MATCH = YES;
				COPY_PHASE_STRIP = NO;
				DEBUG_INFORMATION_FORMAT = "dwarf-with-dsym";
				ENABLE_NS_ASSERTIONS = NO;
				ENABLE_STRICT_OBJC_MSGSEND = YES;
				GCC_C_LANGUAGE_STANDARD = gnu11;
				GCC_NO_COMMON_BLOCKS = YES;
				GCC_WARN_64_TO_32_BIT_CONVERSION = YES;
				GCC_WARN_ABOUT_RETURN_TYPE = YES_ERROR;
				GCC_WARN_UNDECLARED_SELECTOR = YES;
				GCC_WARN_UNINITIALIZED_AUTOS = YES_AGGRESSIVE;
				GCC_WARN_UNUSED_FUNCTION = YES;
				GCC_WARN_UNUSED_VARIABLE = YES;
				MTL_ENABLE_DEBUG_INFO = NO;
				MTL_FAST_MATH = YES;
				PRODUCT_NAME = "$(TARGET_NAME)";
				SDKROOT = macosx;
				SWIFT_COMPILATION_MODE = wholemodule;
				SWIFT_OPTIMIZATION_LEVEL = "-O";
				SWIFT_VERSION = 5.0;
			};
			name = Release;
		};
/* End XCBuildConfiguration section */

/* Begin XCConfigurationList section */
		559E9DFCCC5D7814DCA70FAB /* Build configuration list for PBXNativeTarget "PixelPetsTests" */ = {
			isa = XCConfigurationList;
			buildConfigurations = (
				714447D9B81671D3D4DB28E4 /* Debug */,
				868E2D5882F8FDD2A36583F2 /* Release */,
			);
			defaultConfigurationIsVisible = 0;
			defaultConfigurationName = Debug;
		};
		588B8584B5E066CA1FF61589 /* Build configuration list for PBXProject "PixelPets" */ = {
			isa = XCConfigurationList;
			buildConfigurations = (
				848CFFEADE2480DD54785876 /* Debug */,
				F7F8CF7C46B018D25EE97164 /* Release */,
			);
			defaultConfigurationIsVisible = 0;
			defaultConfigurationName = Debug;
		};
		6CA44515DE4083EBEFEAC588 /* Build configuration list for PBXNativeTarget "PixelPets" */ = {
			isa = XCConfigurationList;
			buildConfigurations = (
				87F2E023B4F54BA12E15BBFA /* Debug */,
				DBA75A428ADB869ADEF15FED /* Release */,
			);
			defaultConfigurationIsVisible = 0;
			defaultConfigurationName = Debug;
		};
/* End XCConfigurationList section */
	};
	rootObject = 044E52543CCA691D33EB3650 /* Project object */;
}
